Microsoft Visual Studio Solution File, Format Version 9.00
# Visual Studio 2005
Project("{8BC9CEB8-8B4A-11D0-8D11-00A0C91BC942}") = "SamplePhysics", "SamplePhysics.vcproj", "{A7695DD7-5EC9-468F-B2E5-C67E963E041B}"
EndProject
Project("{8BC9CEB8-8B4A-11D0-8D11-00A0C91BC942}") = "SampleReflection", "SampleReflection.vcproj", "{14B127D0-303C-4DFD-A92E-F67E38FE6F1D}"
EndProject
Project("{8BC9CEB8-8B4A-11D0-8D11-00A0C91BC942}") = "SampleSerialization", "SampleSerialization.vcproj", "{5F97A5F9-9CC1-475E-BF0F-9DDF8846A128}"
EndProject
Project("{8BC9CEB8-8B4A-11D0-8D11-00A0C91BC942}") = "SampleUI", "SampleUI.vcproj", "{AD468AD7-5ACB-4AF8-BF70-99F7132A5797}"
EndProject
Project("{8BC9CEB8-8B4A-11D0-8D11-00A0C91BC942}") = "SampleXML", "SampleXML.vcproj", "{E6BA06CE-6096-40E6-BF9E-2F6FC76AD1C2}"
EndProject
Project("{8BC9CEB8-8B4A-11D0-8D11-00A0C91BC942}") = "SampleSound", "SampleSound.vcproj", "{66A238A0-576C-400F-B864-4651CF9E63D0}"
EndProject
Project("{8BC9CEB8-8B4A-11D0-8D11-00A0C91BC942}") = "SampleTest", "SampleTest.vcproj", "{0A8A5CA0-C11D-4141-B71C-A71E326AC938}"
EndProject
Project("{8BC9CEB8-8B4A-11D0-8D11-00A0C91BC942}") = "SampleViewer", "SampleViewer.vcproj", "{8A296844-5DCC-4F4F-B772-CBC9640D4E11}"
EndProject
Project("{8BC9CEB8-8B4A-11D0-8D11-00A0C91BC942}") = "SampleAI", "SampleAI.vcproj", "{8F2FDEF0-B9D8-4E55-938C-D72E9E3D14D6}"
EndProject
Project("{8BC9CEB8-8B4A-11D0-8D11-00A0C91BC942}") = "SampleStealth", "SampleStealth.vcproj", "{F1AE7A60-2703-42C4-8505-289D582D79E4}"
EndProject
Project("{8BC9CEB8-8B4A-11D0-8D11-00A0C91BC942}") = "SamplePacMan", "SamplePacMan.vcproj", "{637E6687-31A6-4EE2-AF0D-C4AECB6B02A3}"
EndProject
Project("{8BC9CEB8-8B4A-11D0-8D11-00A0C91BC942}") = "SampleScript", "SampleScript.vcproj", "{6E4231CA-D4F5-455C-BFAC-AAFA17AE9164}"
EndProject
Project("{8BC9CEB8-8B4A-11D0-8D11-00A0C91BC942}") = "SampleDiagram", "SampleDiagram.vcproj", "{2BBF3C35-0AAD-46E6-AC84-8E80C93CF78E}"
EndProject
Global
	GlobalSection(SolutionConfigurationPlatforms) = preSolution
		Debug|Win32 = Debug|Win32
		DebugDLL|Win32 = DebugDLL|Win32
		Release|Win32 = Release|Win32
		ReleaseDLL|Win32 = ReleaseDLL|Win32
	EndGlobalSection
	GlobalSection(ProjectConfigurationPlatforms) = postSolution
		{A7695DD7-5EC9-468F-B2E5-C67E963E041B}.Debug|Win32.ActiveCfg = Debug|Win32
		{A7695DD7-5EC9-468F-B2E5-C67E963E041B}.Debug|Win32.Build.0 = Debug|Win32
		{A7695DD7-5EC9-468F-B2E5-C67E963E041B}.DebugDLL|Win32.ActiveCfg = DebugDLL|Win32
		{A7695DD7-5EC9-468F-B2E5-C67E963E041B}.DebugDLL|Win32.Build.0 = DebugDLL|Win32
		{A7695DD7-5EC9-468F-B2E5-C67E963E041B}.Release|Win32.ActiveCfg = Release|Win32
		{A7695DD7-5EC9-468F-B2E5-C67E963E041B}.Release|Win32.Build.0 = Release|Win32
		{A7695DD7-5EC9-468F-B2E5-C67E963E041B}.ReleaseDLL|Win32.ActiveCfg = ReleaseDLL|Win32
		{A7695DD7-5EC9-468F-B2E5-C67E963E041B}.ReleaseDLL|Win32.Build.0 = ReleaseDLL|Win32
		{14B127D0-303C-4DFD-A92E-F67E38FE6F1D}.Debug|Win32.ActiveCfg = Debug|Win32
		{14B127D0-303C-4DFD-A92E-F67E38FE6F1D}.Debug|Win32.Build.0 = Debug|Win32
		{14B127D0-303C-4DFD-A92E-F67E38FE6F1D}.DebugDLL|Win32.ActiveCfg = Debug|Win32
		{14B127D0-303C-4DFD-A92E-F67E38FE6F1D}.DebugDLL|Win32.Build.0 = Debug|Win32
		{14B127D0-303C-4DFD-A92E-F67E38FE6F1D}.Release|Win32.ActiveCfg = Release|Win32
		{14B127D0-303C-4DFD-A92E-F67E38FE6F1D}.Release|Win32.Build.0 = Release|Win32
		{14B127D0-303C-4DFD-A92E-F67E38FE6F1D}.ReleaseDLL|Win32.ActiveCfg = Release|Win32
		{14B127D0-303C-4DFD-A92E-F67E38FE6F1D}.ReleaseDLL|Win32.Build.0 = Release|Win32
		{5F97A5F9-9CC1-475E-BF0F-9DDF8846A128}.Debug|Win32.ActiveCfg = Debug|Win32
		{5F97A5F9-9CC1-475E-BF0F-9DDF8846A128}.Debug|Win32.Build.0 = Debug|Win32
		{5F97A5F9-9CC1-475E-BF0F-9DDF8846A128}.DebugDLL|Win32.ActiveCfg = DebugDLL|Win32
		{5F97A5F9-9CC1-475E-BF0F-9DDF8846A128}.DebugDLL|Win32.Build.0 = DebugDLL|Win32
		{5F97A5F9-9CC1-475E-BF0F-9DDF8846A128}.Release|Win32.ActiveCfg = Release|Win32
		{5F97A5F9-9CC1-475E-BF0F-9DDF8846A128}.Release|Win32.Build.0 = Release|Win32
		{5F97A5F9-9CC1-475E-BF0F-9DDF8846A128}.ReleaseDLL|Win32.ActiveCfg = ReleaseDLL|Win32
		{5F97A5F9-9CC1-475E-BF0F-9DDF8846A128}.ReleaseDLL|Win32.Build.0 = ReleaseDLL|Win32
		{AD468AD7-5ACB-4AF8-BF70-99F7132A5797}.Debug|Win32.ActiveCfg = Debug|Win32
		{AD468AD7-5ACB-4AF8-BF70-99F7132A5797}.Debug|Win32.Build.0 = Debug|Win32
		{AD468AD7-5ACB-4AF8-BF70-99F7132A5797}.DebugDLL|Win32.ActiveCfg = DebugDLL|Win32
		{AD468AD7-5ACB-4AF8-BF70-99F7132A5797}.DebugDLL|Win32.Build.0 = DebugDLL|Win32
		{AD468AD7-5ACB-4AF8-BF70-99F7132A5797}.Release|Win32.ActiveCfg = Release|Win32
		{AD468AD7-5ACB-4AF8-BF70-99F7132A5797}.Release|Win32.Build.0 = Release|Win32
		{AD468AD7-5ACB-4AF8-BF70-99F7132A5797}.ReleaseDLL|Win32.ActiveCfg = ReleaseDLL|Win32
		{AD468AD7-5ACB-4AF8-BF70-99F7132A5797}.ReleaseDLL|Win32.Build.0 = ReleaseDLL|Win32
		{E6BA06CE-6096-40E6-BF9E-2F6FC76AD1C2}.Debug|Win32.ActiveCfg = Debug|Win32
		{E6BA06CE-6096-40E6-BF9E-2F6FC76AD1C2}.Debug|Win32.Build.0 = Debug|Win32
		{E6BA06CE-6096-40E6-BF9E-2F6FC76AD1C2}.DebugDLL|Win32.ActiveCfg = DebugDLL|Win32
		{E6BA06CE-6096-40E6-BF9E-2F6FC76AD1C2}.DebugDLL|Win32.Build.0 = DebugDLL|Win32
		{E6BA06CE-6096-40E6-BF9E-2F6FC76AD1C2}.Release|Win32.ActiveCfg = Release|Win32
		{E6BA06CE-6096-40E6-BF9E-2F6FC76AD1C2}.Release|Win32.Build.0 = Release|Win32
		{E6BA06CE-6096-40E6-BF9E-2F6FC76AD1C2}.ReleaseDLL|Win32.ActiveCfg = ReleaseDLL|Win32
		{E6BA06CE-6096-40E6-BF9E-2F6FC76AD1C2}.ReleaseDLL|Win32.Build.0 = ReleaseDLL|Win32
		{66A238A0-576C-400F-B864-4651CF9E63D0}.Debug|Win32.ActiveCfg = Debug|Win32
		{66A238A0-576C-400F-B864-4651CF9E63D0}.Debug|Win32.Build.0 = Debug|Win32
		{66A238A0-576C-400F-B864-4651CF9E63D0}.DebugDLL|Win32.ActiveCfg = DebugDLL|Win32
		{66A238A0-576C-400F-B864-4651CF9E63D0}.DebugDLL|Win32.Build.0 = DebugDLL|Win32
		{66A238A0-576C-400F-B864-4651CF9E63D0}.Release|Win32.ActiveCfg = Release|Win32
		{66A238A0-576C-400F-B864-4651CF9E63D0}.Release|Win32.Build.0 = Release|Win32
		{66A238A0-576C-400F-B864-4651CF9E63D0}.ReleaseDLL|Win32.ActiveCfg = ReleaseDLL|Win32
		{66A238A0-576C-400F-B864-4651CF9E63D0}.ReleaseDLL|Win32.Build.0 = ReleaseDLL|Win32
		{0A8A5CA0-C11D-4141-B71C-A71E326AC938}.Debug|Win32.ActiveCfg = Debug|Win32
		{0A8A5CA0-C11D-4141-B71C-A71E326AC938}.Debug|Win32.Build.0 = Debug|Win32
		{0A8A5CA0-C11D-4141-B71C-A71E326AC938}.DebugDLL|Win32.ActiveCfg = Debug|Win32
		{0A8A5CA0-C11D-4141-B71C-A71E326AC938}.DebugDLL|Win32.Build.0 = Debug|Win32
		{0A8A5CA0-C11D-4141-B71C-A71E326AC938}.Release|Win32.ActiveCfg = Release|Win32
		{0A8A5CA0-C11D-4141-B71C-A71E326AC938}.Release|Win32.Build.0 = Release|Win32
		{0A8A5CA0-C11D-4141-B71C-A71E326AC938}.ReleaseDLL|Win32.ActiveCfg = Release|Win32
		{0A8A5CA0-C11D-4141-B71C-A71E326AC938}.ReleaseDLL|Win32.Build.0 = Release|Win32
		{8A296844-5DCC-4F4F-B772-CBC9640D4E11}.Debug|Win32.ActiveCfg = Debug|Win32
		{8A296844-5DCC-4F4F-B772-CBC9640D4E11}.Debug|Win32.Build.0 = Debug|Win32
		{8A296844-5DCC-4F4F-B772-CBC9640D4E11}.DebugDLL|Win32.ActiveCfg = DebugDLL|Win32
		{8A296844-5DCC-4F4F-B772-CBC9640D4E11}.DebugDLL|Win32.Build.0 = DebugDLL|Win32
		{8A296844-5DCC-4F4F-B772-CBC9640D4E11}.Release|Win32.ActiveCfg = Release|Win32
		{8A296844-5DCC-4F4F-B772-CBC9640D4E11}.Release|Win32.Build.0 = Release|Win32
		{8A296844-5DCC-4F4F-B772-CBC9640D4E11}.ReleaseDLL|Win32.ActiveCfg = ReleaseDLL|Win32
		{8A296844-5DCC-4F4F-B772-CBC9640D4E11}.ReleaseDLL|Win32.Build.0 = ReleaseDLL|Win32
		{8F2FDEF0-B9D8-4E55-938C-D72E9E3D14D6}.Debug|Win32.ActiveCfg = Debug|Win32
		{8F2FDEF0-B9D8-4E55-938C-D72E9E3D14D6}.Debug|Win32.Build.0 = Debug|Win32
		{8F2FDEF0-B9D8-4E55-938C-D72E9E3D14D6}.DebugDLL|Win32.ActiveCfg = DebugDLL|Win32
		{8F2FDEF0-B9D8-4E55-938C-D72E9E3D14D6}.DebugDLL|Win32.Build.0 = DebugDLL|Win32
		{8F2FDEF0-B9D8-4E55-938C-D72E9E3D14D6}.Release|Win32.ActiveCfg = Release|Win32
		{8F2FDEF0-B9D8-4E55-938C-D72E9E3D14D6}.Release|Win32.Build.0 = Release|Win32
		{8F2FDEF0-B9D8-4E55-938C-D72E9E3D14D6}.ReleaseDLL|Win32.ActiveCfg = ReleaseDLL|Win32
		{8F2FDEF0-B9D8-4E55-938C-D72E9E3D14D6}.ReleaseDLL|Win32.Build.0 = ReleaseDLL|Win32
		{F1AE7A60-2703-42C4-8505-289D582D79E4}.Debug|Win32.ActiveCfg = Debug|Win32
		{F1AE7A60-2703-42C4-8505-289D582D79E4}.Debug|Win32.Build.0 = Debug|Win32
		{F1AE7A60-2703-42C4-8505-289D582D79E4}.DebugDLL|Win32.ActiveCfg = DebugDLL|Win32
		{F1AE7A60-2703-42C4-8505-289D582D79E4}.DebugDLL|Win32.Build.0 = DebugDLL|Win32
		{F1AE7A60-2703-42C4-8505-289D582D79E4}.Release|Win32.ActiveCfg = Release|Win32
		{F1AE7A60-2703-42C4-8505-289D582D79E4}.Release|Win32.Build.0 = Release|Win32
		{F1AE7A60-2703-42C4-8505-289D582D79E4}.ReleaseDLL|Win32.ActiveCfg = ReleaseDLL|Win32
		{F1AE7A60-2703-42C4-8505-289D582D79E4}.ReleaseDLL|Win32.Build.0 = ReleaseDLL|Win32
		{637E6687-31A6-4EE2-AF0D-C4AECB6B02A3}.Debug|Win32.ActiveCfg = Debug|Win32
		{637E6687-31A6-4EE2-AF0D-C4AECB6B02A3}.Debug|Win32.Build.0 = Debug|Win32
		{637E6687-31A6-4EE2-AF0D-C4AECB6B02A3}.DebugDLL|Win32.ActiveCfg = DebugDLL|Win32
		{637E6687-31A6-4EE2-AF0D-C4AECB6B02A3}.DebugDLL|Win32.Build.0 = DebugDLL|Win32
		{637E6687-31A6-4EE2-AF0D-C4AECB6B02A3}.Release|Win32.ActiveCfg = Release|Win32
		{637E6687-31A6-4EE2-AF0D-C4AECB6B02A3}.Release|Win32.Build.0 = Release|Win32
		{637E6687-31A6-4EE2-AF0D-C4AECB6B02A3}.ReleaseDLL|Win32.ActiveCfg = ReleaseDLL|Win32
		{637E6687-31A6-4EE2-AF0D-C4AECB6B02A3}.ReleaseDLL|Win32.Build.0 = ReleaseDLL|Win32
		{6E4231CA-D4F5-455C-BFAC-AAFA17AE9164}.Debug|Win32.ActiveCfg = Debug|Win32
		{6E4231CA-D4F5-455C-BFAC-AAFA17AE9164}.Debug|Win32.Build.0 = Debug|Win32
		{6E4231CA-D4F5-455C-BFAC-AAFA17AE9164}.DebugDLL|Win32.ActiveCfg = Debug|Win32
		{6E4231CA-D4F5-455C-BFAC-AAFA17AE9164}.DebugDLL|Win32.Build.0 = Debug|Win32
		{6E4231CA-D4F5-455C-BFAC-AAFA17AE9164}.Release|Win32.ActiveCfg = Release|Win32
		{6E4231CA-D4F5-455C-BFAC-AAFA17AE9164}.Release|Win32.Build.0 = Release|Win32
		{6E4231CA-D4F5-455C-BFAC-AAFA17AE9164}.ReleaseDLL|Win32.ActiveCfg = Release|Win32
		{6E4231CA-D4F5-455C-BFAC-AAFA17AE9164}.ReleaseDLL|Win32.Build.0 = Release|Win32
		{2BBF3C35-0AAD-46E6-AC84-8E80C93CF78E}.Debug|Win32.ActiveCfg = Debug|Win32
		{2BBF3C35-0AAD-46E6-AC84-8E80C93CF78E}.Debug|Win32.Build.0 = Debug|Win32
		{2BBF3C35-0AAD-46E6-AC84-8E80C93CF78E}.DebugDLL|Win32.ActiveCfg = DebugDLL|Win32
		{2BBF3C35-0AAD-46E6-AC84-8E80C93CF78E}.DebugDLL|Win32.Build.0 = DebugDLL|Win32
		{2BBF3C35-0AAD-46E6-AC84-8E80C93CF78E}.Release|Win32.ActiveCfg = Release|Win32
		{2BBF3C35-0AAD-46E6-AC84-8E80C93CF78E}.Release|Win32.Build.0 = Release|Win32
		{2BBF3C35-0AAD-46E6-AC84-8E80C93CF78E}.ReleaseDLL|Win32.ActiveCfg = ReleaseDLL|Win32
		{2BBF3C35-0AAD-46E6-AC84-8E80C93CF78E}.ReleaseDLL|Win32.Build.0 = ReleaseDLL|Win32
	EndGlobalSection
	GlobalSection(SolutionProperties) = preSolution
		HideSolutionNode = FALSE
	EndGlobalSection
	GlobalSection(DPCodeReviewSolutionGUID) = preSolution
		DPCodeReviewSolutionGUID = {00000000-0000-0000-0000-000000000000}
	EndGlobalSection
EndGlobal
