Microsoft Visual Studio Solution File, Format Version 9.00
# Visual Studio 2005
Project("{8BC9CEB8-8B4A-11D0-8D11-00A0C91BC942}") = "EngineAI", "EngineAI.vcproj", "{1CF12AC4-4AA7-49C3-A2FC-EAFAE502BCF8}"
EndProject
Project("{8BC9CEB8-8B4A-11D0-8D11-00A0C91BC942}") = "EngineAudio", "EngineAudio.vcproj", "{5E8DDAFB-5F65-450C-9383-E0C3AA259394}"
EndProject
Project("{8BC9CEB8-8B4A-11D0-8D11-00A0C91BC942}") = "EngineCore", "EngineCore.vcproj", "{1908762E-C32C-485C-9A35-6D3C529CCC2C}"
EndProject
Project("{8BC9CEB8-8B4A-11D0-8D11-00A0C91BC942}") = "EngineGraphics", "EngineGraphics.vcproj", "{8AF75A60-26A6-453C-9624-5C4CEE6D3BCD}"
EndProject
Project("{8BC9CEB8-8B4A-11D0-8D11-00A0C91BC942}") = "EngineInput", "EngineInput.vcproj", "{BBFAE579-5E8F-4CE4-B29E-5E8726507BFB}"
EndProject
Project("{8BC9CEB8-8B4A-11D0-8D11-00A0C91BC942}") = "EnginePhysics", "EnginePhysics.vcproj", "{209DFC59-0505-4F13-B86C-89D175BF4E30}"
EndProject
Project("{8BC9CEB8-8B4A-11D0-8D11-00A0C91BC942}") = "EngineUI", "EngineUI.vcproj", "{C70171FC-DFBF-4F87-A86D-73DF55342695}"
EndProject
Global
	GlobalSection(SolutionConfigurationPlatforms) = preSolution
		Debug|Win32 = Debug|Win32
		DebugDLL|Win32 = DebugDLL|Win32
		Release|Win32 = Release|Win32
		ReleaseDLL|Win32 = ReleaseDLL|Win32
	EndGlobalSection
	GlobalSection(ProjectConfigurationPlatforms) = postSolution
		{1CF12AC4-4AA7-49C3-A2FC-EAFAE502BCF8}.Debug|Win32.ActiveCfg = Debug|Win32
		{1CF12AC4-4AA7-49C3-A2FC-EAFAE502BCF8}.Debug|Win32.Build.0 = Debug|Win32
		{1CF12AC4-4AA7-49C3-A2FC-EAFAE502BCF8}.DebugDLL|Win32.ActiveCfg = DebugDLL|Win32
		{1CF12AC4-4AA7-49C3-A2FC-EAFAE502BCF8}.DebugDLL|Win32.Build.0 = DebugDLL|Win32
		{1CF12AC4-4AA7-49C3-A2FC-EAFAE502BCF8}.Release|Win32.ActiveCfg = Release|Win32
		{1CF12AC4-4AA7-49C3-A2FC-EAFAE502BCF8}.Release|Win32.Build.0 = Release|Win32
		{1CF12AC4-4AA7-49C3-A2FC-EAFAE502BCF8}.ReleaseDLL|Win32.ActiveCfg = ReleaseDLL|Win32
		{1CF12AC4-4AA7-49C3-A2FC-EAFAE502BCF8}.ReleaseDLL|Win32.Build.0 = ReleaseDLL|Win32
		{5E8DDAFB-5F65-450C-9383-E0C3AA259394}.Debug|Win32.ActiveCfg = Debug|Win32
		{5E8DDAFB-5F65-450C-9383-E0C3AA259394}.Debug|Win32.Build.0 = Debug|Win32
		{5E8DDAFB-5F65-450C-9383-E0C3AA259394}.DebugDLL|Win32.ActiveCfg = DebugDLL|Win32
		{5E8DDAFB-5F65-450C-9383-E0C3AA259394}.DebugDLL|Win32.Build.0 = DebugDLL|Win32
		{5E8DDAFB-5F65-450C-9383-E0C3AA259394}.Release|Win32.ActiveCfg = Release|Win32
		{5E8DDAFB-5F65-450C-9383-E0C3AA259394}.Release|Win32.Build.0 = Release|Win32
		{5E8DDAFB-5F65-450C-9383-E0C3AA259394}.ReleaseDLL|Win32.ActiveCfg = ReleaseDLL|Win32
		{5E8DDAFB-5F65-450C-9383-E0C3AA259394}.ReleaseDLL|Win32.Build.0 = ReleaseDLL|Win32
		{1908762E-C32C-485C-9A35-6D3C529CCC2C}.Debug|Win32.ActiveCfg = Debug|Win32
		{1908762E-C32C-485C-9A35-6D3C529CCC2C}.Debug|Win32.Build.0 = Debug|Win32
		{1908762E-C32C-485C-9A35-6D3C529CCC2C}.DebugDLL|Win32.ActiveCfg = DebugDLL|Win32
		{1908762E-C32C-485C-9A35-6D3C529CCC2C}.DebugDLL|Win32.Build.0 = DebugDLL|Win32
		{1908762E-C32C-485C-9A35-6D3C529CCC2C}.Release|Win32.ActiveCfg = Release|Win32
		{1908762E-C32C-485C-9A35-6D3C529CCC2C}.Release|Win32.Build.0 = Release|Win32
		{1908762E-C32C-485C-9A35-6D3C529CCC2C}.ReleaseDLL|Win32.ActiveCfg = ReleaseDLL|Win32
		{1908762E-C32C-485C-9A35-6D3C529CCC2C}.ReleaseDLL|Win32.Build.0 = ReleaseDLL|Win32
		{8AF75A60-26A6-453C-9624-5C4CEE6D3BCD}.Debug|Win32.ActiveCfg = Debug|Win32
		{8AF75A60-26A6-453C-9624-5C4CEE6D3BCD}.Debug|Win32.Build.0 = Debug|Win32
		{8AF75A60-26A6-453C-9624-5C4CEE6D3BCD}.DebugDLL|Win32.ActiveCfg = DebugDLL|Win32
		{8AF75A60-26A6-453C-9624-5C4CEE6D3BCD}.DebugDLL|Win32.Build.0 = DebugDLL|Win32
		{8AF75A60-26A6-453C-9624-5C4CEE6D3BCD}.Release|Win32.ActiveCfg = Release|Win32
		{8AF75A60-26A6-453C-9624-5C4CEE6D3BCD}.Release|Win32.Build.0 = Release|Win32
		{8AF75A60-26A6-453C-9624-5C4CEE6D3BCD}.ReleaseDLL|Win32.ActiveCfg = ReleaseDLL|Win32
		{8AF75A60-26A6-453C-9624-5C4CEE6D3BCD}.ReleaseDLL|Win32.Build.0 = ReleaseDLL|Win32
		{BBFAE579-5E8F-4CE4-B29E-5E8726507BFB}.Debug|Win32.ActiveCfg = Debug|Win32
		{BBFAE579-5E8F-4CE4-B29E-5E8726507BFB}.Debug|Win32.Build.0 = Debug|Win32
		{BBFAE579-5E8F-4CE4-B29E-5E8726507BFB}.DebugDLL|Win32.ActiveCfg = DebugDLL|Win32
		{BBFAE579-5E8F-4CE4-B29E-5E8726507BFB}.DebugDLL|Win32.Build.0 = DebugDLL|Win32
		{BBFAE579-5E8F-4CE4-B29E-5E8726507BFB}.Release|Win32.ActiveCfg = Release|Win32
		{BBFAE579-5E8F-4CE4-B29E-5E8726507BFB}.Release|Win32.Build.0 = Release|Win32
		{BBFAE579-5E8F-4CE4-B29E-5E8726507BFB}.ReleaseDLL|Win32.ActiveCfg = ReleaseDLL|Win32
		{BBFAE579-5E8F-4CE4-B29E-5E8726507BFB}.ReleaseDLL|Win32.Build.0 = ReleaseDLL|Win32
		{209DFC59-0505-4F13-B86C-89D175BF4E30}.Debug|Win32.ActiveCfg = Debug|Win32
		{209DFC59-0505-4F13-B86C-89D175BF4E30}.Debug|Win32.Build.0 = Debug|Win32
		{209DFC59-0505-4F13-B86C-89D175BF4E30}.DebugDLL|Win32.ActiveCfg = DebugDLL|Win32
		{209DFC59-0505-4F13-B86C-89D175BF4E30}.DebugDLL|Win32.Build.0 = DebugDLL|Win32
		{209DFC59-0505-4F13-B86C-89D175BF4E30}.Release|Win32.ActiveCfg = Release|Win32
		{209DFC59-0505-4F13-B86C-89D175BF4E30}.Release|Win32.Build.0 = Release|Win32
		{209DFC59-0505-4F13-B86C-89D175BF4E30}.ReleaseDLL|Win32.ActiveCfg = ReleaseDLL|Win32
		{209DFC59-0505-4F13-B86C-89D175BF4E30}.ReleaseDLL|Win32.Build.0 = ReleaseDLL|Win32
		{C70171FC-DFBF-4F87-A86D-73DF55342695}.Debug|Win32.ActiveCfg = Debug|Win32
		{C70171FC-DFBF-4F87-A86D-73DF55342695}.Debug|Win32.Build.0 = Debug|Win32
		{C70171FC-DFBF-4F87-A86D-73DF55342695}.DebugDLL|Win32.ActiveCfg = DebugDLL|Win32
		{C70171FC-DFBF-4F87-A86D-73DF55342695}.DebugDLL|Win32.Build.0 = DebugDLL|Win32
		{C70171FC-DFBF-4F87-A86D-73DF55342695}.Release|Win32.ActiveCfg = Release|Win32
		{C70171FC-DFBF-4F87-A86D-73DF55342695}.Release|Win32.Build.0 = Release|Win32
		{C70171FC-DFBF-4F87-A86D-73DF55342695}.ReleaseDLL|Win32.ActiveCfg = ReleaseDLL|Win32
		{C70171FC-DFBF-4F87-A86D-73DF55342695}.ReleaseDLL|Win32.Build.0 = ReleaseDLL|Win32
	EndGlobalSection
	GlobalSection(SolutionProperties) = preSolution
		HideSolutionNode = FALSE
	EndGlobalSection
	GlobalSection(DPCodeReviewSolutionGUID) = preSolution
		DPCodeReviewSolutionGUID = {00000000-0000-0000-0000-000000000000}
	EndGlobalSection
EndGlobal
