Microsoft Visual Studio Solution File, Format Version 9.00
# Visual Studio 2005
Project("{8BC9CEB8-8B4A-11D0-8D11-00A0C91BC942}") = "AudioSystem_AL", "AudioSystem_AL.vcproj", "{644D8BD7-9FAE-481E-8E48-528067FE37FF}"
EndProject
Project("{8BC9CEB8-8B4A-11D0-8D11-00A0C91BC942}") = "AudioSystem_DS8", "AudioSystem_DS8.vcproj", "{94878189-88CD-4546-B5C4-B29A3BB47274}"
EndProject
Project("{8BC9CEB8-8B4A-11D0-8D11-00A0C91BC942}") = "Game_Emperor", "Game_Emperor.vcproj", "{89B9F912-AB3F-4B62-A906-3138690981D6}"
EndProject
Project("{8BC9CEB8-8B4A-11D0-8D11-00A0C91BC942}") = "Game_Quake", "Game_Quake.vcproj", "{BF780941-3D46-4157-AFCA-42090C6DCF77}"
EndProject
Project("{8BC9CEB8-8B4A-11D0-8D11-00A0C91BC942}") = "Game_Westwood", "Game_Westwood.vcproj", "{364137B2-0D79-44C9-8FB2-C4B191DB7F2B}"
EndProject
Project("{8BC9CEB8-8B4A-11D0-8D11-00A0C91BC942}") = "Image_BMP", "Image_BMP.vcproj", "{D9EC1AC5-138E-4195-9B5C-2B53A0C80913}"
EndProject
Project("{8BC9CEB8-8B4A-11D0-8D11-00A0C91BC942}") = "Image_DDS", "Image_DDS.vcproj", "{7A0A7E7B-02A6-4937-8781-F900ECDAAB1C}"
EndProject
Project("{8BC9CEB8-8B4A-11D0-8D11-00A0C91BC942}") = "Image_DevIL", "Image_DevIL.vcproj", "{F2DB6E21-68E1-4F49-BD22-03A3408EE92F}"
EndProject
Project("{8BC9CEB8-8B4A-11D0-8D11-00A0C91BC942}") = "Image_SDLImage", "Image_SDLImage.vcproj", "{8983E93D-D7D7-4ED8-9407-E89EA018EF09}"
EndProject
Project("{8BC9CEB8-8B4A-11D0-8D11-00A0C91BC942}") = "InputSystem_DI8", "InputSystem_DI8.vcproj", "{14B1F45A-422E-494E-83D6-AB41FA5A4D80}"
EndProject
Project("{8BC9CEB8-8B4A-11D0-8D11-00A0C91BC942}") = "InputSystem_Win32", "InputSystem_Win32.vcproj", "{6D88C64A-F3A8-4D38-A4AF-86CA5EF75778}"
EndProject
Project("{8BC9CEB8-8B4A-11D0-8D11-00A0C91BC942}") = "Model_OBJ", "Model_OBJ.vcproj", "{6041840E-887B-419C-B363-0B0F7149FD15}"
EndProject
Project("{8BC9CEB8-8B4A-11D0-8D11-00A0C91BC942}") = "PhysicsSystem_NX", "PhysicsSystem_NX.vcproj", "{3ADAABBA-8EB4-41D7-A5BD-8B23268137C6}"
EndProject
Project("{8BC9CEB8-8B4A-11D0-8D11-00A0C91BC942}") = "RenderSystem_D3D8", "RenderSystem_D3D8.vcproj", "{BD5A892C-05EB-4C25-B624-4718178B1D94}"
EndProject
Project("{8BC9CEB8-8B4A-11D0-8D11-00A0C91BC942}") = "RenderSystem_D3D9", "RenderSystem_D3D9.vcproj", "{1E65455C-1986-402E-B088-7151DF06E27B}"
EndProject
Project("{8BC9CEB8-8B4A-11D0-8D11-00A0C91BC942}") = "RenderSystem_GL", "RenderSystem_GL.vcproj", "{8B2595B9-0735-4DC7-A55B-CEAD2AD12676}"
EndProject
Project("{8BC9CEB8-8B4A-11D0-8D11-00A0C91BC942}") = "ShaderSystem_D3D8Cg", "ShaderSystem_D3D8Cg.vcproj", "{17B58F53-8C2D-423A-B9F2-D548DC51C0E6}"
EndProject
Project("{8BC9CEB8-8B4A-11D0-8D11-00A0C91BC942}") = "ShaderSystem_D3D9Cg", "ShaderSystem_D3D9Cg.vcproj", "{8140C8EF-0F5F-409D-A796-C25B07D5BB2C}"
EndProject
Project("{8BC9CEB8-8B4A-11D0-8D11-00A0C91BC942}") = "ShaderSystem_GLCg", "ShaderSystem_GLCg.vcproj", "{1A0FEF73-D23F-449D-8846-420FEC8DBAAE}"
EndProject
Project("{8BC9CEB8-8B4A-11D0-8D11-00A0C91BC942}") = "Sound_WAV", "Sound_WAV.vcproj", "{CDC53B19-69A6-4F51-985B-D6D634DEA57D}"
EndProject
Project("{8BC9CEB8-8B4A-11D0-8D11-00A0C91BC942}") = "PhysicsSystem_Null", "PhysicsSystem_Null.vcproj", "{C7A2FCC2-B71C-4803-B5F7-3ECFE91A3F65}"
EndProject
Project("{8BC9CEB8-8B4A-11D0-8D11-00A0C91BC942}") = "PhysicsSystem_ODE", "PhysicsSystem_ODE.vcproj", "{A6724DE4-88F7-4257-A48F-AE5CC1C3CCB2}"
EndProject
Project("{8BC9CEB8-8B4A-11D0-8D11-00A0C91BC942}") = "PhysicsSystem_RW", "PhysicsSystem_RW.vcproj", "{BE253C4F-B3CC-49A0-9D2F-7483991271ED}"
EndProject
Project("{8BC9CEB8-8B4A-11D0-8D11-00A0C91BC942}") = "PhysicsSystem_Software", "PhysicsSystem_Software.vcproj", "{56A97A1D-D860-46B2-9DCE-D9F3358CAB2C}"
EndProject
Global
	GlobalSection(SolutionConfigurationPlatforms) = preSolution
		Debug|Win32 = Debug|Win32
		DebugDLL|Win32 = DebugDLL|Win32
		Release|Win32 = Release|Win32
		ReleaseDLL|Win32 = ReleaseDLL|Win32
	EndGlobalSection
	GlobalSection(ProjectConfigurationPlatforms) = postSolution
		{644D8BD7-9FAE-481E-8E48-528067FE37FF}.Debug|Win32.ActiveCfg = Debug|Win32
		{644D8BD7-9FAE-481E-8E48-528067FE37FF}.Debug|Win32.Build.0 = Debug|Win32
		{644D8BD7-9FAE-481E-8E48-528067FE37FF}.DebugDLL|Win32.ActiveCfg = DebugDLL|Win32
		{644D8BD7-9FAE-481E-8E48-528067FE37FF}.DebugDLL|Win32.Build.0 = DebugDLL|Win32
		{644D8BD7-9FAE-481E-8E48-528067FE37FF}.Release|Win32.ActiveCfg = Release|Win32
		{644D8BD7-9FAE-481E-8E48-528067FE37FF}.Release|Win32.Build.0 = Release|Win32
		{644D8BD7-9FAE-481E-8E48-528067FE37FF}.ReleaseDLL|Win32.ActiveCfg = ReleaseDLL|Win32
		{644D8BD7-9FAE-481E-8E48-528067FE37FF}.ReleaseDLL|Win32.Build.0 = ReleaseDLL|Win32
		{94878189-88CD-4546-B5C4-B29A3BB47274}.Debug|Win32.ActiveCfg = Debug|Win32
		{94878189-88CD-4546-B5C4-B29A3BB47274}.Debug|Win32.Build.0 = Debug|Win32
		{94878189-88CD-4546-B5C4-B29A3BB47274}.DebugDLL|Win32.ActiveCfg = DebugDLL|Win32
		{94878189-88CD-4546-B5C4-B29A3BB47274}.DebugDLL|Win32.Build.0 = DebugDLL|Win32
		{94878189-88CD-4546-B5C4-B29A3BB47274}.Release|Win32.ActiveCfg = Release|Win32
		{94878189-88CD-4546-B5C4-B29A3BB47274}.Release|Win32.Build.0 = Release|Win32
		{94878189-88CD-4546-B5C4-B29A3BB47274}.ReleaseDLL|Win32.ActiveCfg = ReleaseDLL|Win32
		{94878189-88CD-4546-B5C4-B29A3BB47274}.ReleaseDLL|Win32.Build.0 = ReleaseDLL|Win32
		{89B9F912-AB3F-4B62-A906-3138690981D6}.Debug|Win32.ActiveCfg = Debug|Win32
		{89B9F912-AB3F-4B62-A906-3138690981D6}.Debug|Win32.Build.0 = Debug|Win32
		{89B9F912-AB3F-4B62-A906-3138690981D6}.DebugDLL|Win32.ActiveCfg = DebugDLL|Win32
		{89B9F912-AB3F-4B62-A906-3138690981D6}.DebugDLL|Win32.Build.0 = DebugDLL|Win32
		{89B9F912-AB3F-4B62-A906-3138690981D6}.Release|Win32.ActiveCfg = Release|Win32
		{89B9F912-AB3F-4B62-A906-3138690981D6}.Release|Win32.Build.0 = Release|Win32
		{89B9F912-AB3F-4B62-A906-3138690981D6}.ReleaseDLL|Win32.ActiveCfg = ReleaseDLL|Win32
		{89B9F912-AB3F-4B62-A906-3138690981D6}.ReleaseDLL|Win32.Build.0 = ReleaseDLL|Win32
		{BF780941-3D46-4157-AFCA-42090C6DCF77}.Debug|Win32.ActiveCfg = Debug|Win32
		{BF780941-3D46-4157-AFCA-42090C6DCF77}.Debug|Win32.Build.0 = Debug|Win32
		{BF780941-3D46-4157-AFCA-42090C6DCF77}.DebugDLL|Win32.ActiveCfg = DebugDLL|Win32
		{BF780941-3D46-4157-AFCA-42090C6DCF77}.DebugDLL|Win32.Build.0 = DebugDLL|Win32
		{BF780941-3D46-4157-AFCA-42090C6DCF77}.Release|Win32.ActiveCfg = Release|Win32
		{BF780941-3D46-4157-AFCA-42090C6DCF77}.Release|Win32.Build.0 = Release|Win32
		{BF780941-3D46-4157-AFCA-42090C6DCF77}.ReleaseDLL|Win32.ActiveCfg = ReleaseDLL|Win32
		{BF780941-3D46-4157-AFCA-42090C6DCF77}.ReleaseDLL|Win32.Build.0 = ReleaseDLL|Win32
		{364137B2-0D79-44C9-8FB2-C4B191DB7F2B}.Debug|Win32.ActiveCfg = Debug|Win32
		{364137B2-0D79-44C9-8FB2-C4B191DB7F2B}.Debug|Win32.Build.0 = Debug|Win32
		{364137B2-0D79-44C9-8FB2-C4B191DB7F2B}.DebugDLL|Win32.ActiveCfg = DebugDLL|Win32
		{364137B2-0D79-44C9-8FB2-C4B191DB7F2B}.DebugDLL|Win32.Build.0 = DebugDLL|Win32
		{364137B2-0D79-44C9-8FB2-C4B191DB7F2B}.Release|Win32.ActiveCfg = Release|Win32
		{364137B2-0D79-44C9-8FB2-C4B191DB7F2B}.Release|Win32.Build.0 = Release|Win32
		{364137B2-0D79-44C9-8FB2-C4B191DB7F2B}.ReleaseDLL|Win32.ActiveCfg = ReleaseDLL|Win32
		{364137B2-0D79-44C9-8FB2-C4B191DB7F2B}.ReleaseDLL|Win32.Build.0 = ReleaseDLL|Win32
		{D9EC1AC5-138E-4195-9B5C-2B53A0C80913}.Debug|Win32.ActiveCfg = Debug|Win32
		{D9EC1AC5-138E-4195-9B5C-2B53A0C80913}.DebugDLL|Win32.ActiveCfg = DebugDLL|Win32
		{D9EC1AC5-138E-4195-9B5C-2B53A0C80913}.Release|Win32.ActiveCfg = Release|Win32
		{D9EC1AC5-138E-4195-9B5C-2B53A0C80913}.ReleaseDLL|Win32.ActiveCfg = ReleaseDLL|Win32
		{7A0A7E7B-02A6-4937-8781-F900ECDAAB1C}.Debug|Win32.ActiveCfg = Debug|Win32
		{7A0A7E7B-02A6-4937-8781-F900ECDAAB1C}.DebugDLL|Win32.ActiveCfg = DebugDLL|Win32
		{7A0A7E7B-02A6-4937-8781-F900ECDAAB1C}.Release|Win32.ActiveCfg = Release|Win32
		{7A0A7E7B-02A6-4937-8781-F900ECDAAB1C}.ReleaseDLL|Win32.ActiveCfg = ReleaseDLL|Win32
		{F2DB6E21-68E1-4F49-BD22-03A3408EE92F}.Debug|Win32.ActiveCfg = Debug|Win32
		{F2DB6E21-68E1-4F49-BD22-03A3408EE92F}.Debug|Win32.Build.0 = Debug|Win32
		{F2DB6E21-68E1-4F49-BD22-03A3408EE92F}.DebugDLL|Win32.ActiveCfg = DebugDLL|Win32
		{F2DB6E21-68E1-4F49-BD22-03A3408EE92F}.DebugDLL|Win32.Build.0 = DebugDLL|Win32
		{F2DB6E21-68E1-4F49-BD22-03A3408EE92F}.Release|Win32.ActiveCfg = Release|Win32
		{F2DB6E21-68E1-4F49-BD22-03A3408EE92F}.Release|Win32.Build.0 = Release|Win32
		{F2DB6E21-68E1-4F49-BD22-03A3408EE92F}.ReleaseDLL|Win32.ActiveCfg = ReleaseDLL|Win32
		{F2DB6E21-68E1-4F49-BD22-03A3408EE92F}.ReleaseDLL|Win32.Build.0 = ReleaseDLL|Win32
		{8983E93D-D7D7-4ED8-9407-E89EA018EF09}.Debug|Win32.ActiveCfg = Debug|Win32
		{8983E93D-D7D7-4ED8-9407-E89EA018EF09}.DebugDLL|Win32.ActiveCfg = DebugDLL|Win32
		{8983E93D-D7D7-4ED8-9407-E89EA018EF09}.Release|Win32.ActiveCfg = Release|Win32
		{8983E93D-D7D7-4ED8-9407-E89EA018EF09}.ReleaseDLL|Win32.ActiveCfg = ReleaseDLL|Win32
		{14B1F45A-422E-494E-83D6-AB41FA5A4D80}.Debug|Win32.ActiveCfg = Debug|Win32
		{14B1F45A-422E-494E-83D6-AB41FA5A4D80}.Debug|Win32.Build.0 = Debug|Win32
		{14B1F45A-422E-494E-83D6-AB41FA5A4D80}.DebugDLL|Win32.ActiveCfg = DebugDLL|Win32
		{14B1F45A-422E-494E-83D6-AB41FA5A4D80}.DebugDLL|Win32.Build.0 = DebugDLL|Win32
		{14B1F45A-422E-494E-83D6-AB41FA5A4D80}.Release|Win32.ActiveCfg = Release|Win32
		{14B1F45A-422E-494E-83D6-AB41FA5A4D80}.Release|Win32.Build.0 = Release|Win32
		{14B1F45A-422E-494E-83D6-AB41FA5A4D80}.ReleaseDLL|Win32.ActiveCfg = ReleaseDLL|Win32
		{14B1F45A-422E-494E-83D6-AB41FA5A4D80}.ReleaseDLL|Win32.Build.0 = ReleaseDLL|Win32
		{6D88C64A-F3A8-4D38-A4AF-86CA5EF75778}.Debug|Win32.ActiveCfg = Debug|Win32
		{6D88C64A-F3A8-4D38-A4AF-86CA5EF75778}.Debug|Win32.Build.0 = Debug|Win32
		{6D88C64A-F3A8-4D38-A4AF-86CA5EF75778}.DebugDLL|Win32.ActiveCfg = DebugDLL|Win32
		{6D88C64A-F3A8-4D38-A4AF-86CA5EF75778}.DebugDLL|Win32.Build.0 = DebugDLL|Win32
		{6D88C64A-F3A8-4D38-A4AF-86CA5EF75778}.Release|Win32.ActiveCfg = Release|Win32
		{6D88C64A-F3A8-4D38-A4AF-86CA5EF75778}.Release|Win32.Build.0 = Release|Win32
		{6D88C64A-F3A8-4D38-A4AF-86CA5EF75778}.ReleaseDLL|Win32.ActiveCfg = ReleaseDLL|Win32
		{6D88C64A-F3A8-4D38-A4AF-86CA5EF75778}.ReleaseDLL|Win32.Build.0 = ReleaseDLL|Win32
		{6041840E-887B-419C-B363-0B0F7149FD15}.Debug|Win32.ActiveCfg = Debug|Win32
		{6041840E-887B-419C-B363-0B0F7149FD15}.Debug|Win32.Build.0 = Debug|Win32
		{6041840E-887B-419C-B363-0B0F7149FD15}.DebugDLL|Win32.ActiveCfg = DebugDLL|Win32
		{6041840E-887B-419C-B363-0B0F7149FD15}.DebugDLL|Win32.Build.0 = DebugDLL|Win32
		{6041840E-887B-419C-B363-0B0F7149FD15}.Release|Win32.ActiveCfg = Release|Win32
		{6041840E-887B-419C-B363-0B0F7149FD15}.Release|Win32.Build.0 = Release|Win32
		{6041840E-887B-419C-B363-0B0F7149FD15}.ReleaseDLL|Win32.ActiveCfg = ReleaseDLL|Win32
		{6041840E-887B-419C-B363-0B0F7149FD15}.ReleaseDLL|Win32.Build.0 = ReleaseDLL|Win32
		{3ADAABBA-8EB4-41D7-A5BD-8B23268137C6}.Debug|Win32.ActiveCfg = Debug|Win32
		{3ADAABBA-8EB4-41D7-A5BD-8B23268137C6}.Debug|Win32.Build.0 = Debug|Win32
		{3ADAABBA-8EB4-41D7-A5BD-8B23268137C6}.DebugDLL|Win32.ActiveCfg = DebugDLL|Win32
		{3ADAABBA-8EB4-41D7-A5BD-8B23268137C6}.DebugDLL|Win32.Build.0 = DebugDLL|Win32
		{3ADAABBA-8EB4-41D7-A5BD-8B23268137C6}.Release|Win32.ActiveCfg = Release|Win32
		{3ADAABBA-8EB4-41D7-A5BD-8B23268137C6}.Release|Win32.Build.0 = Release|Win32
		{3ADAABBA-8EB4-41D7-A5BD-8B23268137C6}.ReleaseDLL|Win32.ActiveCfg = ReleaseDLL|Win32
		{3ADAABBA-8EB4-41D7-A5BD-8B23268137C6}.ReleaseDLL|Win32.Build.0 = ReleaseDLL|Win32
		{BD5A892C-05EB-4C25-B624-4718178B1D94}.Debug|Win32.ActiveCfg = Debug|Win32
		{BD5A892C-05EB-4C25-B624-4718178B1D94}.Debug|Win32.Build.0 = Debug|Win32
		{BD5A892C-05EB-4C25-B624-4718178B1D94}.DebugDLL|Win32.ActiveCfg = DebugDLL|Win32
		{BD5A892C-05EB-4C25-B624-4718178B1D94}.DebugDLL|Win32.Build.0 = DebugDLL|Win32
		{BD5A892C-05EB-4C25-B624-4718178B1D94}.Release|Win32.ActiveCfg = Release|Win32
		{BD5A892C-05EB-4C25-B624-4718178B1D94}.Release|Win32.Build.0 = Release|Win32
		{BD5A892C-05EB-4C25-B624-4718178B1D94}.ReleaseDLL|Win32.ActiveCfg = ReleaseDLL|Win32
		{BD5A892C-05EB-4C25-B624-4718178B1D94}.ReleaseDLL|Win32.Build.0 = ReleaseDLL|Win32
		{1E65455C-1986-402E-B088-7151DF06E27B}.Debug|Win32.ActiveCfg = Debug|Win32
		{1E65455C-1986-402E-B088-7151DF06E27B}.Debug|Win32.Build.0 = Debug|Win32
		{1E65455C-1986-402E-B088-7151DF06E27B}.DebugDLL|Win32.ActiveCfg = DebugDLL|Win32
		{1E65455C-1986-402E-B088-7151DF06E27B}.DebugDLL|Win32.Build.0 = DebugDLL|Win32
		{1E65455C-1986-402E-B088-7151DF06E27B}.Release|Win32.ActiveCfg = Release|Win32
		{1E65455C-1986-402E-B088-7151DF06E27B}.Release|Win32.Build.0 = Release|Win32
		{1E65455C-1986-402E-B088-7151DF06E27B}.ReleaseDLL|Win32.ActiveCfg = ReleaseDLL|Win32
		{1E65455C-1986-402E-B088-7151DF06E27B}.ReleaseDLL|Win32.Build.0 = ReleaseDLL|Win32
		{8B2595B9-0735-4DC7-A55B-CEAD2AD12676}.Debug|Win32.ActiveCfg = Debug|Win32
		{8B2595B9-0735-4DC7-A55B-CEAD2AD12676}.Debug|Win32.Build.0 = Debug|Win32
		{8B2595B9-0735-4DC7-A55B-CEAD2AD12676}.DebugDLL|Win32.ActiveCfg = DebugDLL|Win32
		{8B2595B9-0735-4DC7-A55B-CEAD2AD12676}.DebugDLL|Win32.Build.0 = DebugDLL|Win32
		{8B2595B9-0735-4DC7-A55B-CEAD2AD12676}.Release|Win32.ActiveCfg = Release|Win32
		{8B2595B9-0735-4DC7-A55B-CEAD2AD12676}.Release|Win32.Build.0 = Release|Win32
		{8B2595B9-0735-4DC7-A55B-CEAD2AD12676}.ReleaseDLL|Win32.ActiveCfg = ReleaseDLL|Win32
		{8B2595B9-0735-4DC7-A55B-CEAD2AD12676}.ReleaseDLL|Win32.Build.0 = ReleaseDLL|Win32
		{17B58F53-8C2D-423A-B9F2-D548DC51C0E6}.Debug|Win32.ActiveCfg = Debug|Win32
		{17B58F53-8C2D-423A-B9F2-D548DC51C0E6}.Debug|Win32.Build.0 = Debug|Win32
		{17B58F53-8C2D-423A-B9F2-D548DC51C0E6}.DebugDLL|Win32.ActiveCfg = DebugDLL|Win32
		{17B58F53-8C2D-423A-B9F2-D548DC51C0E6}.DebugDLL|Win32.Build.0 = DebugDLL|Win32
		{17B58F53-8C2D-423A-B9F2-D548DC51C0E6}.Release|Win32.ActiveCfg = Release|Win32
		{17B58F53-8C2D-423A-B9F2-D548DC51C0E6}.Release|Win32.Build.0 = Release|Win32
		{17B58F53-8C2D-423A-B9F2-D548DC51C0E6}.ReleaseDLL|Win32.ActiveCfg = ReleaseDLL|Win32
		{17B58F53-8C2D-423A-B9F2-D548DC51C0E6}.ReleaseDLL|Win32.Build.0 = ReleaseDLL|Win32
		{8140C8EF-0F5F-409D-A796-C25B07D5BB2C}.Debug|Win32.ActiveCfg = Debug|Win32
		{8140C8EF-0F5F-409D-A796-C25B07D5BB2C}.Debug|Win32.Build.0 = Debug|Win32
		{8140C8EF-0F5F-409D-A796-C25B07D5BB2C}.DebugDLL|Win32.ActiveCfg = DebugDLL|Win32
		{8140C8EF-0F5F-409D-A796-C25B07D5BB2C}.DebugDLL|Win32.Build.0 = DebugDLL|Win32
		{8140C8EF-0F5F-409D-A796-C25B07D5BB2C}.Release|Win32.ActiveCfg = Release|Win32
		{8140C8EF-0F5F-409D-A796-C25B07D5BB2C}.Release|Win32.Build.0 = Release|Win32
		{8140C8EF-0F5F-409D-A796-C25B07D5BB2C}.ReleaseDLL|Win32.ActiveCfg = ReleaseDLL|Win32
		{8140C8EF-0F5F-409D-A796-C25B07D5BB2C}.ReleaseDLL|Win32.Build.0 = ReleaseDLL|Win32
		{1A0FEF73-D23F-449D-8846-420FEC8DBAAE}.Debug|Win32.ActiveCfg = Debug|Win32
		{1A0FEF73-D23F-449D-8846-420FEC8DBAAE}.Debug|Win32.Build.0 = Debug|Win32
		{1A0FEF73-D23F-449D-8846-420FEC8DBAAE}.DebugDLL|Win32.ActiveCfg = DebugDLL|Win32
		{1A0FEF73-D23F-449D-8846-420FEC8DBAAE}.DebugDLL|Win32.Build.0 = DebugDLL|Win32
		{1A0FEF73-D23F-449D-8846-420FEC8DBAAE}.Release|Win32.ActiveCfg = Release|Win32
		{1A0FEF73-D23F-449D-8846-420FEC8DBAAE}.Release|Win32.Build.0 = Release|Win32
		{1A0FEF73-D23F-449D-8846-420FEC8DBAAE}.ReleaseDLL|Win32.ActiveCfg = ReleaseDLL|Win32
		{1A0FEF73-D23F-449D-8846-420FEC8DBAAE}.ReleaseDLL|Win32.Build.0 = ReleaseDLL|Win32
		{CDC53B19-69A6-4F51-985B-D6D634DEA57D}.Debug|Win32.ActiveCfg = Debug|Win32
		{CDC53B19-69A6-4F51-985B-D6D634DEA57D}.Debug|Win32.Build.0 = Debug|Win32
		{CDC53B19-69A6-4F51-985B-D6D634DEA57D}.DebugDLL|Win32.ActiveCfg = DebugDLL|Win32
		{CDC53B19-69A6-4F51-985B-D6D634DEA57D}.DebugDLL|Win32.Build.0 = DebugDLL|Win32
		{CDC53B19-69A6-4F51-985B-D6D634DEA57D}.Release|Win32.ActiveCfg = Release|Win32
		{CDC53B19-69A6-4F51-985B-D6D634DEA57D}.Release|Win32.Build.0 = Release|Win32
		{CDC53B19-69A6-4F51-985B-D6D634DEA57D}.ReleaseDLL|Win32.ActiveCfg = ReleaseDLL|Win32
		{CDC53B19-69A6-4F51-985B-D6D634DEA57D}.ReleaseDLL|Win32.Build.0 = ReleaseDLL|Win32
		{C7A2FCC2-B71C-4803-B5F7-3ECFE91A3F65}.Debug|Win32.ActiveCfg = Debug|Win32
		{C7A2FCC2-B71C-4803-B5F7-3ECFE91A3F65}.Debug|Win32.Build.0 = Debug|Win32
		{C7A2FCC2-B71C-4803-B5F7-3ECFE91A3F65}.DebugDLL|Win32.ActiveCfg = DebugDLL|Win32
		{C7A2FCC2-B71C-4803-B5F7-3ECFE91A3F65}.DebugDLL|Win32.Build.0 = DebugDLL|Win32
		{C7A2FCC2-B71C-4803-B5F7-3ECFE91A3F65}.Release|Win32.ActiveCfg = Release|Win32
		{C7A2FCC2-B71C-4803-B5F7-3ECFE91A3F65}.Release|Win32.Build.0 = Release|Win32
		{C7A2FCC2-B71C-4803-B5F7-3ECFE91A3F65}.ReleaseDLL|Win32.ActiveCfg = ReleaseDLL|Win32
		{C7A2FCC2-B71C-4803-B5F7-3ECFE91A3F65}.ReleaseDLL|Win32.Build.0 = ReleaseDLL|Win32
		{A6724DE4-88F7-4257-A48F-AE5CC1C3CCB2}.Debug|Win32.ActiveCfg = Debug|Win32
		{A6724DE4-88F7-4257-A48F-AE5CC1C3CCB2}.Debug|Win32.Build.0 = Debug|Win32
		{A6724DE4-88F7-4257-A48F-AE5CC1C3CCB2}.DebugDLL|Win32.ActiveCfg = DebugDLL|Win32
		{A6724DE4-88F7-4257-A48F-AE5CC1C3CCB2}.DebugDLL|Win32.Build.0 = DebugDLL|Win32
		{A6724DE4-88F7-4257-A48F-AE5CC1C3CCB2}.Release|Win32.ActiveCfg = Release|Win32
		{A6724DE4-88F7-4257-A48F-AE5CC1C3CCB2}.Release|Win32.Build.0 = Release|Win32
		{A6724DE4-88F7-4257-A48F-AE5CC1C3CCB2}.ReleaseDLL|Win32.ActiveCfg = ReleaseDLL|Win32
		{A6724DE4-88F7-4257-A48F-AE5CC1C3CCB2}.ReleaseDLL|Win32.Build.0 = ReleaseDLL|Win32
		{BE253C4F-B3CC-49A0-9D2F-7483991271ED}.Debug|Win32.ActiveCfg = Debug|Win32
		{BE253C4F-B3CC-49A0-9D2F-7483991271ED}.Debug|Win32.Build.0 = Debug|Win32
		{BE253C4F-B3CC-49A0-9D2F-7483991271ED}.DebugDLL|Win32.ActiveCfg = DebugDLL|Win32
		{BE253C4F-B3CC-49A0-9D2F-7483991271ED}.DebugDLL|Win32.Build.0 = DebugDLL|Win32
		{BE253C4F-B3CC-49A0-9D2F-7483991271ED}.Release|Win32.ActiveCfg = Release|Win32
		{BE253C4F-B3CC-49A0-9D2F-7483991271ED}.Release|Win32.Build.0 = Release|Win32
		{BE253C4F-B3CC-49A0-9D2F-7483991271ED}.ReleaseDLL|Win32.ActiveCfg = ReleaseDLL|Win32
		{BE253C4F-B3CC-49A0-9D2F-7483991271ED}.ReleaseDLL|Win32.Build.0 = ReleaseDLL|Win32
		{56A97A1D-D860-46B2-9DCE-D9F3358CAB2C}.Debug|Win32.ActiveCfg = Debug|Win32
		{56A97A1D-D860-46B2-9DCE-D9F3358CAB2C}.Debug|Win32.Build.0 = Debug|Win32
		{56A97A1D-D860-46B2-9DCE-D9F3358CAB2C}.DebugDLL|Win32.ActiveCfg = DebugDLL|Win32
		{56A97A1D-D860-46B2-9DCE-D9F3358CAB2C}.DebugDLL|Win32.Build.0 = DebugDLL|Win32
		{56A97A1D-D860-46B2-9DCE-D9F3358CAB2C}.Release|Win32.ActiveCfg = Release|Win32
		{56A97A1D-D860-46B2-9DCE-D9F3358CAB2C}.Release|Win32.Build.0 = Release|Win32
		{56A97A1D-D860-46B2-9DCE-D9F3358CAB2C}.ReleaseDLL|Win32.ActiveCfg = ReleaseDLL|Win32
		{56A97A1D-D860-46B2-9DCE-D9F3358CAB2C}.ReleaseDLL|Win32.Build.0 = ReleaseDLL|Win32
	EndGlobalSection
	GlobalSection(SolutionProperties) = preSolution
		HideSolutionNode = FALSE
	EndGlobalSection
	GlobalSection(DPCodeReviewSolutionGUID) = preSolution
		DPCodeReviewSolutionGUID = {00000000-0000-0000-0000-000000000000}
	EndGlobalSection
EndGlobal
