Microsoft Visual Studio Solution File, Format Version 9.00
# Visual Studio 2005
Project("{8BC9CEB8-8B4A-11D0-8D11-00A0C91BC942}") = "Image_BMP", "Plugins\Image_BMP.vcproj", "{D9EC1AC5-138E-4195-9B5C-2B53A0C80913}"
EndProject
Project("{8BC9CEB8-8B4A-11D0-8D11-00A0C91BC942}") = "RenderSystem_D3D9", "Plugins\RenderSystem_D3D9.vcproj", "{1E65455C-1986-402E-B088-7151DF06E27B}"
	ProjectSection(ProjectDependencies) = postProject
		{8AF75A60-26A6-453C-9624-5C4CEE6D3BCD} = {8AF75A60-26A6-453C-9624-5C4CEE6D3BCD}
		{1908762E-C32C-485C-9A35-6D3C529CCC2C} = {1908762E-C32C-485C-9A35-6D3C529CCC2C}
	EndProjectSection
EndProject
Project("{8BC9CEB8-8B4A-11D0-8D11-00A0C91BC942}") = "RenderSystem_GL", "Plugins\RenderSystem_GL.vcproj", "{8B2595B9-0735-4DC7-A55B-CEAD2AD12676}"
	ProjectSection(ProjectDependencies) = postProject
		{8AF75A60-26A6-453C-9624-5C4CEE6D3BCD} = {8AF75A60-26A6-453C-9624-5C4CEE6D3BCD}
		{1908762E-C32C-485C-9A35-6D3C529CCC2C} = {1908762E-C32C-485C-9A35-6D3C529CCC2C}
	EndProjectSection
EndProject
Project("{8BC9CEB8-8B4A-11D0-8D11-00A0C91BC942}") = "InputSystem_DI8", "Plugins\InputSystem_DI8.vcproj", "{14B1F45A-422E-494E-83D6-AB41FA5A4D80}"
	ProjectSection(ProjectDependencies) = postProject
		{BBFAE579-5E8F-4CE4-B29E-5E8726507BFB} = {BBFAE579-5E8F-4CE4-B29E-5E8726507BFB}
		{1908762E-C32C-485C-9A35-6D3C529CCC2C} = {1908762E-C32C-485C-9A35-6D3C529CCC2C}
	EndProjectSection
EndProject
Project("{8BC9CEB8-8B4A-11D0-8D11-00A0C91BC942}") = "SampleTest", "Samples\SampleTest.vcproj", "{0A8A5CA0-C11D-4141-B71C-A71E326AC938}"
EndProject
Project("{8BC9CEB8-8B4A-11D0-8D11-00A0C91BC942}") = "Image_SDLImage", "Plugins\Image_SDLImage.vcproj", "{8983E93D-D7D7-4ED8-9407-E89EA018EF09}"
EndProject
Project("{8BC9CEB8-8B4A-11D0-8D11-00A0C91BC942}") = "Image_DDS", "Plugins\Image_DDS.vcproj", "{7A0A7E7B-02A6-4937-8781-F900ECDAAB1C}"
EndProject
Project("{8BC9CEB8-8B4A-11D0-8D11-00A0C91BC942}") = "Image_DevIL", "Plugins\Image_DevIL.vcproj", "{F2DB6E21-68E1-4F49-BD22-03A3408EE92F}"
	ProjectSection(ProjectDependencies) = postProject
		{8AF75A60-26A6-453C-9624-5C4CEE6D3BCD} = {8AF75A60-26A6-453C-9624-5C4CEE6D3BCD}
		{1908762E-C32C-485C-9A35-6D3C529CCC2C} = {1908762E-C32C-485C-9A35-6D3C529CCC2C}
	EndProjectSection
EndProject
Project("{8BC9CEB8-8B4A-11D0-8D11-00A0C91BC942}") = "Model_OBJ", "Plugins\Model_OBJ.vcproj", "{6041840E-887B-419C-B363-0B0F7149FD15}"
EndProject
Project("{8BC9CEB8-8B4A-11D0-8D11-00A0C91BC942}") = "SampleViewer", "Samples\SampleViewer.vcproj", "{8A296844-5DCC-4F4F-B772-CBC9640D4E11}"
	ProjectSection(ProjectDependencies) = postProject
		{C70171FC-DFBF-4F87-A86D-73DF55342695} = {C70171FC-DFBF-4F87-A86D-73DF55342695}
		{5E8DDAFB-5F65-450C-9383-E0C3AA259394} = {5E8DDAFB-5F65-450C-9383-E0C3AA259394}
		{BBFAE579-5E8F-4CE4-B29E-5E8726507BFB} = {BBFAE579-5E8F-4CE4-B29E-5E8726507BFB}
		{8AF75A60-26A6-453C-9624-5C4CEE6D3BCD} = {8AF75A60-26A6-453C-9624-5C4CEE6D3BCD}
		{1908762E-C32C-485C-9A35-6D3C529CCC2C} = {1908762E-C32C-485C-9A35-6D3C529CCC2C}
		{ED0EAF1B-866A-4E05-897B-20A9842D33C1} = {ED0EAF1B-866A-4E05-897B-20A9842D33C1}
	EndProjectSection
EndProject
Project("{8BC9CEB8-8B4A-11D0-8D11-00A0C91BC942}") = "Game_Emperor", "Plugins\Game_Emperor.vcproj", "{89B9F912-AB3F-4B62-A906-3138690981D6}"
EndProject
Project("{8BC9CEB8-8B4A-11D0-8D11-00A0C91BC942}") = "Game_Quake", "Plugins\Game_Quake.vcproj", "{BF780941-3D46-4157-AFCA-42090C6DCF77}"
EndProject
Project("{8BC9CEB8-8B4A-11D0-8D11-00A0C91BC942}") = "ShaderSystem_D3D9Cg", "Plugins\ShaderSystem_D3D9Cg.vcproj", "{8140C8EF-0F5F-409D-A796-C25B07D5BB2C}"
	ProjectSection(ProjectDependencies) = postProject
		{8AF75A60-26A6-453C-9624-5C4CEE6D3BCD} = {8AF75A60-26A6-453C-9624-5C4CEE6D3BCD}
		{1908762E-C32C-485C-9A35-6D3C529CCC2C} = {1908762E-C32C-485C-9A35-6D3C529CCC2C}
	EndProjectSection
EndProject
Project("{8BC9CEB8-8B4A-11D0-8D11-00A0C91BC942}") = "ShaderSystem_GLCg", "Plugins\ShaderSystem_GLCg.vcproj", "{1A0FEF73-D23F-449D-8846-420FEC8DBAAE}"
	ProjectSection(ProjectDependencies) = postProject
		{8AF75A60-26A6-453C-9624-5C4CEE6D3BCD} = {8AF75A60-26A6-453C-9624-5C4CEE6D3BCD}
		{1908762E-C32C-485C-9A35-6D3C529CCC2C} = {1908762E-C32C-485C-9A35-6D3C529CCC2C}
	EndProjectSection
EndProject
Project("{8BC9CEB8-8B4A-11D0-8D11-00A0C91BC942}") = "InputSystem_Win32", "Plugins\InputSystem_Win32.vcproj", "{6D88C64A-F3A8-4D38-A4AF-86CA5EF75778}"
	ProjectSection(ProjectDependencies) = postProject
		{BBFAE579-5E8F-4CE4-B29E-5E8726507BFB} = {BBFAE579-5E8F-4CE4-B29E-5E8726507BFB}
		{1908762E-C32C-485C-9A35-6D3C529CCC2C} = {1908762E-C32C-485C-9A35-6D3C529CCC2C}
	EndProjectSection
EndProject
Project("{8BC9CEB8-8B4A-11D0-8D11-00A0C91BC942}") = "AudioSystem_DS8", "Plugins\AudioSystem_DS8.vcproj", "{94878189-88CD-4546-B5C4-B29A3BB47274}"
	ProjectSection(ProjectDependencies) = postProject
		{5E8DDAFB-5F65-450C-9383-E0C3AA259394} = {5E8DDAFB-5F65-450C-9383-E0C3AA259394}
		{1908762E-C32C-485C-9A35-6D3C529CCC2C} = {1908762E-C32C-485C-9A35-6D3C529CCC2C}
	EndProjectSection
EndProject
Project("{8BC9CEB8-8B4A-11D0-8D11-00A0C91BC942}") = "AudioSystem_AL", "Plugins\AudioSystem_AL.vcproj", "{644D8BD7-9FAE-481E-8E48-528067FE37FF}"
	ProjectSection(ProjectDependencies) = postProject
		{5E8DDAFB-5F65-450C-9383-E0C3AA259394} = {5E8DDAFB-5F65-450C-9383-E0C3AA259394}
		{1908762E-C32C-485C-9A35-6D3C529CCC2C} = {1908762E-C32C-485C-9A35-6D3C529CCC2C}
	EndProjectSection
EndProject
Project("{8BC9CEB8-8B4A-11D0-8D11-00A0C91BC942}") = "SampleSound", "Samples\SampleSound.vcproj", "{66A238A0-576C-400F-B864-4651CF9E63D0}"
EndProject
Project("{8BC9CEB8-8B4A-11D0-8D11-00A0C91BC942}") = "Sound_WAV", "Plugins\Sound_WAV.vcproj", "{CDC53B19-69A6-4F51-985B-D6D634DEA57D}"
	ProjectSection(ProjectDependencies) = postProject
		{5E8DDAFB-5F65-450C-9383-E0C3AA259394} = {5E8DDAFB-5F65-450C-9383-E0C3AA259394}
		{1908762E-C32C-485C-9A35-6D3C529CCC2C} = {1908762E-C32C-485C-9A35-6D3C529CCC2C}
	EndProjectSection
EndProject
Project("{8BC9CEB8-8B4A-11D0-8D11-00A0C91BC942}") = "Game_Westwood", "Plugins\Game_Westwood.vcproj", "{364137B2-0D79-44C9-8FB2-C4B191DB7F2B}"
EndProject
Project("{8BC9CEB8-8B4A-11D0-8D11-00A0C91BC942}") = "SamplePhysics", "Samples\SamplePhysics.vcproj", "{A7695DD7-5EC9-468F-B2E5-C67E963E041B}"
EndProject
Project("{8BC9CEB8-8B4A-11D0-8D11-00A0C91BC942}") = "PhysicsSystem_NX", "Plugins\PhysicsSystem_NX.vcproj", "{3ADAABBA-8EB4-41D7-A5BD-8B23268137C6}"
	ProjectSection(ProjectDependencies) = postProject
		{209DFC59-0505-4F13-B86C-89D175BF4E30} = {209DFC59-0505-4F13-B86C-89D175BF4E30}
		{1908762E-C32C-485C-9A35-6D3C529CCC2C} = {1908762E-C32C-485C-9A35-6D3C529CCC2C}
	EndProjectSection
EndProject
Project("{8BC9CEB8-8B4A-11D0-8D11-00A0C91BC942}") = "SampleReflection", "Samples\SampleReflection.vcproj", "{14B127D0-303C-4DFD-A92E-F67E38FE6F1D}"
EndProject
Project("{8BC9CEB8-8B4A-11D0-8D11-00A0C91BC942}") = "SampleXML", "Samples\SampleXML.vcproj", "{E6BA06CE-6096-40E6-BF9E-2F6FC76AD1C2}"
EndProject
Project("{8BC9CEB8-8B4A-11D0-8D11-00A0C91BC942}") = "RenderSystem_D3D8", "Plugins\RenderSystem_D3D8.vcproj", "{BD5A892C-05EB-4C25-B624-4718178B1D94}"
	ProjectSection(ProjectDependencies) = postProject
		{8AF75A60-26A6-453C-9624-5C4CEE6D3BCD} = {8AF75A60-26A6-453C-9624-5C4CEE6D3BCD}
		{1908762E-C32C-485C-9A35-6D3C529CCC2C} = {1908762E-C32C-485C-9A35-6D3C529CCC2C}
	EndProjectSection
EndProject
Project("{8BC9CEB8-8B4A-11D0-8D11-00A0C91BC942}") = "ShaderSystem_D3D8Cg", "Plugins\ShaderSystem_D3D8Cg.vcproj", "{17B58F53-8C2D-423A-B9F2-D548DC51C0E6}"
	ProjectSection(ProjectDependencies) = postProject
		{8AF75A60-26A6-453C-9624-5C4CEE6D3BCD} = {8AF75A60-26A6-453C-9624-5C4CEE6D3BCD}
		{1908762E-C32C-485C-9A35-6D3C529CCC2C} = {1908762E-C32C-485C-9A35-6D3C529CCC2C}
	EndProjectSection
EndProject
Project("{8BC9CEB8-8B4A-11D0-8D11-00A0C91BC942}") = "SampleSerialization", "Samples\SampleSerialization.vcproj", "{5F97A5F9-9CC1-475E-BF0F-9DDF8846A128}"
EndProject
Project("{8BC9CEB8-8B4A-11D0-8D11-00A0C91BC942}") = "SampleUI", "Samples\SampleUI.vcproj", "{AD468AD7-5ACB-4AF8-BF70-99F7132A5797}"
EndProject
Project("{8BC9CEB8-8B4A-11D0-8D11-00A0C91BC942}") = "SampleDiagram", "Samples\SampleDiagram.vcproj", "{2BBF3C35-0AAD-46E6-AC84-8E80C93CF78E}"
EndProject
Project("{8BC9CEB8-8B4A-11D0-8D11-00A0C91BC942}") = "Procedural", "Applications\Procedural.vcproj", "{63BA8BB9-2E7C-4F7D-BA16-D6EB8AF3BF73}"
EndProject
Project("{8BC9CEB8-8B4A-11D0-8D11-00A0C91BC942}") = "SampleFramework", "SampleFramework\SampleFramework.vcproj", "{ED0EAF1B-866A-4E05-897B-20A9842D33C1}"
EndProject
Project("{8BC9CEB8-8B4A-11D0-8D11-00A0C91BC942}") = "PhysicsSystem_RW", "Plugins\PhysicsSystem_RW.vcproj", "{BE253C4F-B3CC-49A0-9D2F-7483991271ED}"
	ProjectSection(ProjectDependencies) = postProject
		{209DFC59-0505-4F13-B86C-89D175BF4E30} = {209DFC59-0505-4F13-B86C-89D175BF4E30}
		{1908762E-C32C-485C-9A35-6D3C529CCC2C} = {1908762E-C32C-485C-9A35-6D3C529CCC2C}
	EndProjectSection
EndProject
Project("{8BC9CEB8-8B4A-11D0-8D11-00A0C91BC942}") = "PhysicsSystem_Software", "Plugins\PhysicsSystem_Software.vcproj", "{56A97A1D-D860-46B2-9DCE-D9F3358CAB2C}"
	ProjectSection(ProjectDependencies) = postProject
		{209DFC59-0505-4F13-B86C-89D175BF4E30} = {209DFC59-0505-4F13-B86C-89D175BF4E30}
		{1908762E-C32C-485C-9A35-6D3C529CCC2C} = {1908762E-C32C-485C-9A35-6D3C529CCC2C}
	EndProjectSection
EndProject
Project("{8BC9CEB8-8B4A-11D0-8D11-00A0C91BC942}") = "SampleScript", "Samples\SampleScript.vcproj", "{6E4231CA-D4F5-455C-BFAC-AAFA17AE9164}"
EndProject
Project("{8BC9CEB8-8B4A-11D0-8D11-00A0C91BC942}") = "PhysicsSystem_ODE", "Plugins\PhysicsSystem_ODE.vcproj", "{A6724DE4-88F7-4257-A48F-AE5CC1C3CCB2}"
	ProjectSection(ProjectDependencies) = postProject
		{209DFC59-0505-4F13-B86C-89D175BF4E30} = {209DFC59-0505-4F13-B86C-89D175BF4E30}
		{1908762E-C32C-485C-9A35-6D3C529CCC2C} = {1908762E-C32C-485C-9A35-6D3C529CCC2C}
	EndProjectSection
EndProject
Project("{8BC9CEB8-8B4A-11D0-8D11-00A0C91BC942}") = "EngineAI", "Engine\EngineAI.vcproj", "{1CF12AC4-4AA7-49C3-A2FC-EAFAE502BCF8}"
	ProjectSection(ProjectDependencies) = postProject
		{1908762E-C32C-485C-9A35-6D3C529CCC2C} = {1908762E-C32C-485C-9A35-6D3C529CCC2C}
	EndProjectSection
EndProject
Project("{8BC9CEB8-8B4A-11D0-8D11-00A0C91BC942}") = "SampleAI", "Samples\SampleAI.vcproj", "{8F2FDEF0-B9D8-4E55-938C-D72E9E3D14D6}"
EndProject
Project("{8BC9CEB8-8B4A-11D0-8D11-00A0C91BC942}") = "PhysicsSystem_Null", "Plugins\PhysicsSystem_Null.vcproj", "{C7A2FCC2-B71C-4803-B5F7-3ECFE91A3F65}"
	ProjectSection(ProjectDependencies) = postProject
		{209DFC59-0505-4F13-B86C-89D175BF4E30} = {209DFC59-0505-4F13-B86C-89D175BF4E30}
		{1908762E-C32C-485C-9A35-6D3C529CCC2C} = {1908762E-C32C-485C-9A35-6D3C529CCC2C}
	EndProjectSection
EndProject
Project("{8BC9CEB8-8B4A-11D0-8D11-00A0C91BC942}") = "SampleStealth", "Samples\SampleStealth.vcproj", "{F1AE7A60-2703-42C4-8505-289D582D79E4}"
EndProject
Project("{8BC9CEB8-8B4A-11D0-8D11-00A0C91BC942}") = "EngineCore", "Engine\EngineCore.vcproj", "{1908762E-C32C-485C-9A35-6D3C529CCC2C}"
EndProject
Project("{8BC9CEB8-8B4A-11D0-8D11-00A0C91BC942}") = "EngineAudio", "Engine\EngineAudio.vcproj", "{5E8DDAFB-5F65-450C-9383-E0C3AA259394}"
	ProjectSection(ProjectDependencies) = postProject
		{1908762E-C32C-485C-9A35-6D3C529CCC2C} = {1908762E-C32C-485C-9A35-6D3C529CCC2C}
	EndProjectSection
EndProject
Project("{8BC9CEB8-8B4A-11D0-8D11-00A0C91BC942}") = "EngineGraphics", "Engine\EngineGraphics.vcproj", "{8AF75A60-26A6-453C-9624-5C4CEE6D3BCD}"
	ProjectSection(ProjectDependencies) = postProject
		{1908762E-C32C-485C-9A35-6D3C529CCC2C} = {1908762E-C32C-485C-9A35-6D3C529CCC2C}
	EndProjectSection
EndProject
Project("{8BC9CEB8-8B4A-11D0-8D11-00A0C91BC942}") = "EngineInput", "Engine\EngineInput.vcproj", "{BBFAE579-5E8F-4CE4-B29E-5E8726507BFB}"
	ProjectSection(ProjectDependencies) = postProject
		{1908762E-C32C-485C-9A35-6D3C529CCC2C} = {1908762E-C32C-485C-9A35-6D3C529CCC2C}
	EndProjectSection
EndProject
Project("{8BC9CEB8-8B4A-11D0-8D11-00A0C91BC942}") = "EnginePhysics", "Engine\EnginePhysics.vcproj", "{209DFC59-0505-4F13-B86C-89D175BF4E30}"
	ProjectSection(ProjectDependencies) = postProject
		{1908762E-C32C-485C-9A35-6D3C529CCC2C} = {1908762E-C32C-485C-9A35-6D3C529CCC2C}
	EndProjectSection
EndProject
Project("{8BC9CEB8-8B4A-11D0-8D11-00A0C91BC942}") = "EngineUI", "Engine\EngineUI.vcproj", "{C70171FC-DFBF-4F87-A86D-73DF55342695}"
	ProjectSection(ProjectDependencies) = postProject
		{8AF75A60-26A6-453C-9624-5C4CEE6D3BCD} = {8AF75A60-26A6-453C-9624-5C4CEE6D3BCD}
		{1908762E-C32C-485C-9A35-6D3C529CCC2C} = {1908762E-C32C-485C-9A35-6D3C529CCC2C}
	EndProjectSection
EndProject
Project("{2150E333-8FDC-42A3-9474-1A3956D46DE8}") = "Misc", "Misc", "{4DB7E630-1554-40E5-89D9-B2BD8A1BAB0D}"
	ProjectSection(SolutionItems) = preProject
		..\..\_TODO.txt = ..\..\_TODO.txt
		..\..\TODO.txt = ..\..\TODO.txt
	EndProjectSection
EndProject
Project("{2150E333-8FDC-42A3-9474-1A3956D46DE8}") = "Samples", "Samples", "{56D24B9B-E0EE-4923-A274-2C5BFDEF0D79}"
EndProject
Project("{2150E333-8FDC-42A3-9474-1A3956D46DE8}") = "Plugins", "Plugins", "{9AD5EB43-AA77-4703-A9D9-39949923F219}"
	ProjectSection(SolutionItems) = preProject
		..\..\Sources\Plugins\Plugins.h = ..\..\Sources\Plugins\Plugins.h
	EndProjectSection
EndProject
Project("{2150E333-8FDC-42A3-9474-1A3956D46DE8}") = "Engine", "Engine", "{08896352-05BE-49A6-8418-CF5F32534C11}"
EndProject
Project("{8BC9CEB8-8B4A-11D0-8D11-00A0C91BC942}") = "SampleLighting", "Samples\SampleLighting.vcproj", "{306CB035-8743-41ED-9994-5D080731176F}"
EndProject
Project("{8BC9CEB8-8B4A-11D0-8D11-00A0C91BC942}") = "SampleShadows", "Samples\SampleShadows.vcproj", "{750E1B7D-6425-48FA-B728-8DEF9FF04142}"
EndProject
Project("{8BC9CEB8-8B4A-11D0-8D11-00A0C91BC942}") = "SampleTerrain", "Samples\SampleTerrain.vcproj", "{B2B1CD4B-243C-4B51-9E96-56605F8E7235}"
EndProject
Project("{8BC9CEB8-8B4A-11D0-8D11-00A0C91BC942}") = "Model_3DS", "Plugins\Model_3DS.vcproj", "{F1F6BD60-43B5-43B9-8EB9-A5D8BF784868}"
EndProject
Project("{8BC9CEB8-8B4A-11D0-8D11-00A0C91BC942}") = "Model_X", "Plugins\Model_X.vcproj", "{50266E8A-495F-40DD-8001-3ECF6E3BE8D8}"
EndProject
Project("{8BC9CEB8-8B4A-11D0-8D11-00A0C91BC942}") = "Game_Unreal", "Plugins\Game_Unreal.vcproj", "{71102345-7A42-4206-803E-AA895490B527}"
EndProject
Project("{8BC9CEB8-8B4A-11D0-8D11-00A0C91BC942}") = "SampleScene", "Samples\SampleScene.vcproj", "{83F2CA64-F8F5-4E14-8AD3-A03189F3F002}"
	ProjectSection(ProjectDependencies) = postProject
		{5E8DDAFB-5F65-450C-9383-E0C3AA259394} = {5E8DDAFB-5F65-450C-9383-E0C3AA259394}
		{BBFAE579-5E8F-4CE4-B29E-5E8726507BFB} = {BBFAE579-5E8F-4CE4-B29E-5E8726507BFB}
		{8AF75A60-26A6-453C-9624-5C4CEE6D3BCD} = {8AF75A60-26A6-453C-9624-5C4CEE6D3BCD}
		{1908762E-C32C-485C-9A35-6D3C529CCC2C} = {1908762E-C32C-485C-9A35-6D3C529CCC2C}
		{ED0EAF1B-866A-4E05-897B-20A9842D33C1} = {ED0EAF1B-866A-4E05-897B-20A9842D33C1}
	EndProjectSection
EndProject
Global
	GlobalSection(SolutionConfigurationPlatforms) = preSolution
		Debug|Win32 = Debug|Win32
		DebugDLL|Win32 = DebugDLL|Win32
		Release|Win32 = Release|Win32
		ReleaseDLL|Win32 = ReleaseDLL|Win32
	EndGlobalSection
	GlobalSection(ProjectConfigurationPlatforms) = postSolution
		{D9EC1AC5-138E-4195-9B5C-2B53A0C80913}.Debug|Win32.ActiveCfg = Debug|Win32
		{D9EC1AC5-138E-4195-9B5C-2B53A0C80913}.DebugDLL|Win32.ActiveCfg = DebugDLL|Win32
		{D9EC1AC5-138E-4195-9B5C-2B53A0C80913}.Release|Win32.ActiveCfg = Release|Win32
		{D9EC1AC5-138E-4195-9B5C-2B53A0C80913}.ReleaseDLL|Win32.ActiveCfg = ReleaseDLL|Win32
		{1E65455C-1986-402E-B088-7151DF06E27B}.Debug|Win32.ActiveCfg = Debug|Win32
		{1E65455C-1986-402E-B088-7151DF06E27B}.Debug|Win32.Build.0 = Debug|Win32
		{1E65455C-1986-402E-B088-7151DF06E27B}.DebugDLL|Win32.ActiveCfg = DebugDLL|Win32
		{1E65455C-1986-402E-B088-7151DF06E27B}.DebugDLL|Win32.Build.0 = DebugDLL|Win32
		{1E65455C-1986-402E-B088-7151DF06E27B}.Release|Win32.ActiveCfg = Release|Win32
		{1E65455C-1986-402E-B088-7151DF06E27B}.Release|Win32.Build.0 = Release|Win32
		{1E65455C-1986-402E-B088-7151DF06E27B}.ReleaseDLL|Win32.ActiveCfg = ReleaseDLL|Win32
		{1E65455C-1986-402E-B088-7151DF06E27B}.ReleaseDLL|Win32.Build.0 = ReleaseDLL|Win32
		{8B2595B9-0735-4DC7-A55B-CEAD2AD12676}.Debug|Win32.ActiveCfg = Debug|Win32
		{8B2595B9-0735-4DC7-A55B-CEAD2AD12676}.Debug|Win32.Build.0 = Debug|Win32
		{8B2595B9-0735-4DC7-A55B-CEAD2AD12676}.DebugDLL|Win32.ActiveCfg = DebugDLL|Win32
		{8B2595B9-0735-4DC7-A55B-CEAD2AD12676}.Release|Win32.ActiveCfg = Release|Win32
		{8B2595B9-0735-4DC7-A55B-CEAD2AD12676}.Release|Win32.Build.0 = Release|Win32
		{8B2595B9-0735-4DC7-A55B-CEAD2AD12676}.ReleaseDLL|Win32.ActiveCfg = ReleaseDLL|Win32
		{8B2595B9-0735-4DC7-A55B-CEAD2AD12676}.ReleaseDLL|Win32.Build.0 = ReleaseDLL|Win32
		{14B1F45A-422E-494E-83D6-AB41FA5A4D80}.Debug|Win32.ActiveCfg = Debug|Win32
		{14B1F45A-422E-494E-83D6-AB41FA5A4D80}.Debug|Win32.Build.0 = Debug|Win32
		{14B1F45A-422E-494E-83D6-AB41FA5A4D80}.DebugDLL|Win32.ActiveCfg = DebugDLL|Win32
		{14B1F45A-422E-494E-83D6-AB41FA5A4D80}.DebugDLL|Win32.Build.0 = DebugDLL|Win32
		{14B1F45A-422E-494E-83D6-AB41FA5A4D80}.Release|Win32.ActiveCfg = Release|Win32
		{14B1F45A-422E-494E-83D6-AB41FA5A4D80}.Release|Win32.Build.0 = Release|Win32
		{14B1F45A-422E-494E-83D6-AB41FA5A4D80}.ReleaseDLL|Win32.ActiveCfg = ReleaseDLL|Win32
		{14B1F45A-422E-494E-83D6-AB41FA5A4D80}.ReleaseDLL|Win32.Build.0 = ReleaseDLL|Win32
		{0A8A5CA0-C11D-4141-B71C-A71E326AC938}.Debug|Win32.ActiveCfg = Debug|Win32
		{0A8A5CA0-C11D-4141-B71C-A71E326AC938}.Debug|Win32.Build.0 = Debug|Win32
		{0A8A5CA0-C11D-4141-B71C-A71E326AC938}.DebugDLL|Win32.ActiveCfg = Debug|Win32
		{0A8A5CA0-C11D-4141-B71C-A71E326AC938}.DebugDLL|Win32.Build.0 = Debug|Win32
		{0A8A5CA0-C11D-4141-B71C-A71E326AC938}.Release|Win32.ActiveCfg = Release|Win32
		{0A8A5CA0-C11D-4141-B71C-A71E326AC938}.Release|Win32.Build.0 = Release|Win32
		{0A8A5CA0-C11D-4141-B71C-A71E326AC938}.ReleaseDLL|Win32.ActiveCfg = Release|Win32
		{0A8A5CA0-C11D-4141-B71C-A71E326AC938}.ReleaseDLL|Win32.Build.0 = Release|Win32
		{8983E93D-D7D7-4ED8-9407-E89EA018EF09}.Debug|Win32.ActiveCfg = Debug|Win32
		{8983E93D-D7D7-4ED8-9407-E89EA018EF09}.DebugDLL|Win32.ActiveCfg = DebugDLL|Win32
		{8983E93D-D7D7-4ED8-9407-E89EA018EF09}.Release|Win32.ActiveCfg = Release|Win32
		{8983E93D-D7D7-4ED8-9407-E89EA018EF09}.ReleaseDLL|Win32.ActiveCfg = ReleaseDLL|Win32
		{7A0A7E7B-02A6-4937-8781-F900ECDAAB1C}.Debug|Win32.ActiveCfg = Debug|Win32
		{7A0A7E7B-02A6-4937-8781-F900ECDAAB1C}.DebugDLL|Win32.ActiveCfg = DebugDLL|Win32
		{7A0A7E7B-02A6-4937-8781-F900ECDAAB1C}.Release|Win32.ActiveCfg = Release|Win32
		{7A0A7E7B-02A6-4937-8781-F900ECDAAB1C}.ReleaseDLL|Win32.ActiveCfg = ReleaseDLL|Win32
		{F2DB6E21-68E1-4F49-BD22-03A3408EE92F}.Debug|Win32.ActiveCfg = Debug|Win32
		{F2DB6E21-68E1-4F49-BD22-03A3408EE92F}.Debug|Win32.Build.0 = Debug|Win32
		{F2DB6E21-68E1-4F49-BD22-03A3408EE92F}.DebugDLL|Win32.ActiveCfg = DebugDLL|Win32
		{F2DB6E21-68E1-4F49-BD22-03A3408EE92F}.DebugDLL|Win32.Build.0 = DebugDLL|Win32
		{F2DB6E21-68E1-4F49-BD22-03A3408EE92F}.Release|Win32.ActiveCfg = Release|Win32
		{F2DB6E21-68E1-4F49-BD22-03A3408EE92F}.Release|Win32.Build.0 = Release|Win32
		{F2DB6E21-68E1-4F49-BD22-03A3408EE92F}.ReleaseDLL|Win32.ActiveCfg = ReleaseDLL|Win32
		{F2DB6E21-68E1-4F49-BD22-03A3408EE92F}.ReleaseDLL|Win32.Build.0 = ReleaseDLL|Win32
		{6041840E-887B-419C-B363-0B0F7149FD15}.Debug|Win32.ActiveCfg = Debug|Win32
		{6041840E-887B-419C-B363-0B0F7149FD15}.Debug|Win32.Build.0 = Debug|Win32
		{6041840E-887B-419C-B363-0B0F7149FD15}.DebugDLL|Win32.ActiveCfg = DebugDLL|Win32
		{6041840E-887B-419C-B363-0B0F7149FD15}.Release|Win32.ActiveCfg = Release|Win32
		{6041840E-887B-419C-B363-0B0F7149FD15}.Release|Win32.Build.0 = Release|Win32
		{6041840E-887B-419C-B363-0B0F7149FD15}.ReleaseDLL|Win32.ActiveCfg = ReleaseDLL|Win32
		{6041840E-887B-419C-B363-0B0F7149FD15}.ReleaseDLL|Win32.Build.0 = ReleaseDLL|Win32
		{8A296844-5DCC-4F4F-B772-CBC9640D4E11}.Debug|Win32.ActiveCfg = Debug|Win32
		{8A296844-5DCC-4F4F-B772-CBC9640D4E11}.Debug|Win32.Build.0 = Debug|Win32
		{8A296844-5DCC-4F4F-B772-CBC9640D4E11}.DebugDLL|Win32.ActiveCfg = DebugDLL|Win32
		{8A296844-5DCC-4F4F-B772-CBC9640D4E11}.DebugDLL|Win32.Build.0 = DebugDLL|Win32
		{8A296844-5DCC-4F4F-B772-CBC9640D4E11}.Release|Win32.ActiveCfg = Release|Win32
		{8A296844-5DCC-4F4F-B772-CBC9640D4E11}.Release|Win32.Build.0 = Release|Win32
		{8A296844-5DCC-4F4F-B772-CBC9640D4E11}.ReleaseDLL|Win32.ActiveCfg = ReleaseDLL|Win32
		{8A296844-5DCC-4F4F-B772-CBC9640D4E11}.ReleaseDLL|Win32.Build.0 = ReleaseDLL|Win32
		{89B9F912-AB3F-4B62-A906-3138690981D6}.Debug|Win32.ActiveCfg = Debug|Win32
		{89B9F912-AB3F-4B62-A906-3138690981D6}.Debug|Win32.Build.0 = Debug|Win32
		{89B9F912-AB3F-4B62-A906-3138690981D6}.DebugDLL|Win32.ActiveCfg = DebugDLL|Win32
		{89B9F912-AB3F-4B62-A906-3138690981D6}.Release|Win32.ActiveCfg = Release|Win32
		{89B9F912-AB3F-4B62-A906-3138690981D6}.Release|Win32.Build.0 = Release|Win32
		{89B9F912-AB3F-4B62-A906-3138690981D6}.ReleaseDLL|Win32.ActiveCfg = ReleaseDLL|Win32
		{89B9F912-AB3F-4B62-A906-3138690981D6}.ReleaseDLL|Win32.Build.0 = ReleaseDLL|Win32
		{BF780941-3D46-4157-AFCA-42090C6DCF77}.Debug|Win32.ActiveCfg = Debug|Win32
		{BF780941-3D46-4157-AFCA-42090C6DCF77}.Debug|Win32.Build.0 = Debug|Win32
		{BF780941-3D46-4157-AFCA-42090C6DCF77}.DebugDLL|Win32.ActiveCfg = DebugDLL|Win32
		{BF780941-3D46-4157-AFCA-42090C6DCF77}.Release|Win32.ActiveCfg = Release|Win32
		{BF780941-3D46-4157-AFCA-42090C6DCF77}.Release|Win32.Build.0 = Release|Win32
		{BF780941-3D46-4157-AFCA-42090C6DCF77}.ReleaseDLL|Win32.ActiveCfg = ReleaseDLL|Win32
		{BF780941-3D46-4157-AFCA-42090C6DCF77}.ReleaseDLL|Win32.Build.0 = ReleaseDLL|Win32
		{8140C8EF-0F5F-409D-A796-C25B07D5BB2C}.Debug|Win32.ActiveCfg = Debug|Win32
		{8140C8EF-0F5F-409D-A796-C25B07D5BB2C}.Debug|Win32.Build.0 = Debug|Win32
		{8140C8EF-0F5F-409D-A796-C25B07D5BB2C}.DebugDLL|Win32.ActiveCfg = DebugDLL|Win32
		{8140C8EF-0F5F-409D-A796-C25B07D5BB2C}.DebugDLL|Win32.Build.0 = DebugDLL|Win32
		{8140C8EF-0F5F-409D-A796-C25B07D5BB2C}.Release|Win32.ActiveCfg = Release|Win32
		{8140C8EF-0F5F-409D-A796-C25B07D5BB2C}.Release|Win32.Build.0 = Release|Win32
		{8140C8EF-0F5F-409D-A796-C25B07D5BB2C}.ReleaseDLL|Win32.ActiveCfg = ReleaseDLL|Win32
		{8140C8EF-0F5F-409D-A796-C25B07D5BB2C}.ReleaseDLL|Win32.Build.0 = ReleaseDLL|Win32
		{1A0FEF73-D23F-449D-8846-420FEC8DBAAE}.Debug|Win32.ActiveCfg = Debug|Win32
		{1A0FEF73-D23F-449D-8846-420FEC8DBAAE}.Debug|Win32.Build.0 = Debug|Win32
		{1A0FEF73-D23F-449D-8846-420FEC8DBAAE}.DebugDLL|Win32.ActiveCfg = DebugDLL|Win32
		{1A0FEF73-D23F-449D-8846-420FEC8DBAAE}.Release|Win32.ActiveCfg = Release|Win32
		{1A0FEF73-D23F-449D-8846-420FEC8DBAAE}.Release|Win32.Build.0 = Release|Win32
		{1A0FEF73-D23F-449D-8846-420FEC8DBAAE}.ReleaseDLL|Win32.ActiveCfg = ReleaseDLL|Win32
		{1A0FEF73-D23F-449D-8846-420FEC8DBAAE}.ReleaseDLL|Win32.Build.0 = ReleaseDLL|Win32
		{6D88C64A-F3A8-4D38-A4AF-86CA5EF75778}.Debug|Win32.ActiveCfg = Debug|Win32
		{6D88C64A-F3A8-4D38-A4AF-86CA5EF75778}.Debug|Win32.Build.0 = Debug|Win32
		{6D88C64A-F3A8-4D38-A4AF-86CA5EF75778}.DebugDLL|Win32.ActiveCfg = DebugDLL|Win32
		{6D88C64A-F3A8-4D38-A4AF-86CA5EF75778}.DebugDLL|Win32.Build.0 = DebugDLL|Win32
		{6D88C64A-F3A8-4D38-A4AF-86CA5EF75778}.Release|Win32.ActiveCfg = Release|Win32
		{6D88C64A-F3A8-4D38-A4AF-86CA5EF75778}.Release|Win32.Build.0 = Release|Win32
		{6D88C64A-F3A8-4D38-A4AF-86CA5EF75778}.ReleaseDLL|Win32.ActiveCfg = ReleaseDLL|Win32
		{6D88C64A-F3A8-4D38-A4AF-86CA5EF75778}.ReleaseDLL|Win32.Build.0 = ReleaseDLL|Win32
		{94878189-88CD-4546-B5C4-B29A3BB47274}.Debug|Win32.ActiveCfg = Debug|Win32
		{94878189-88CD-4546-B5C4-B29A3BB47274}.Debug|Win32.Build.0 = Debug|Win32
		{94878189-88CD-4546-B5C4-B29A3BB47274}.DebugDLL|Win32.ActiveCfg = DebugDLL|Win32
		{94878189-88CD-4546-B5C4-B29A3BB47274}.Release|Win32.ActiveCfg = Release|Win32
		{94878189-88CD-4546-B5C4-B29A3BB47274}.Release|Win32.Build.0 = Release|Win32
		{94878189-88CD-4546-B5C4-B29A3BB47274}.ReleaseDLL|Win32.ActiveCfg = ReleaseDLL|Win32
		{94878189-88CD-4546-B5C4-B29A3BB47274}.ReleaseDLL|Win32.Build.0 = ReleaseDLL|Win32
		{644D8BD7-9FAE-481E-8E48-528067FE37FF}.Debug|Win32.ActiveCfg = Debug|Win32
		{644D8BD7-9FAE-481E-8E48-528067FE37FF}.Debug|Win32.Build.0 = Debug|Win32
		{644D8BD7-9FAE-481E-8E48-528067FE37FF}.DebugDLL|Win32.ActiveCfg = DebugDLL|Win32
		{644D8BD7-9FAE-481E-8E48-528067FE37FF}.Release|Win32.ActiveCfg = Release|Win32
		{644D8BD7-9FAE-481E-8E48-528067FE37FF}.Release|Win32.Build.0 = Release|Win32
		{644D8BD7-9FAE-481E-8E48-528067FE37FF}.ReleaseDLL|Win32.ActiveCfg = ReleaseDLL|Win32
		{644D8BD7-9FAE-481E-8E48-528067FE37FF}.ReleaseDLL|Win32.Build.0 = ReleaseDLL|Win32
		{66A238A0-576C-400F-B864-4651CF9E63D0}.Debug|Win32.ActiveCfg = Debug|Win32
		{66A238A0-576C-400F-B864-4651CF9E63D0}.Debug|Win32.Build.0 = Debug|Win32
		{66A238A0-576C-400F-B864-4651CF9E63D0}.DebugDLL|Win32.ActiveCfg = DebugDLL|Win32
		{66A238A0-576C-400F-B864-4651CF9E63D0}.Release|Win32.ActiveCfg = Release|Win32
		{66A238A0-576C-400F-B864-4651CF9E63D0}.Release|Win32.Build.0 = Release|Win32
		{66A238A0-576C-400F-B864-4651CF9E63D0}.ReleaseDLL|Win32.ActiveCfg = ReleaseDLL|Win32
		{66A238A0-576C-400F-B864-4651CF9E63D0}.ReleaseDLL|Win32.Build.0 = ReleaseDLL|Win32
		{CDC53B19-69A6-4F51-985B-D6D634DEA57D}.Debug|Win32.ActiveCfg = Debug|Win32
		{CDC53B19-69A6-4F51-985B-D6D634DEA57D}.Debug|Win32.Build.0 = Debug|Win32
		{CDC53B19-69A6-4F51-985B-D6D634DEA57D}.DebugDLL|Win32.ActiveCfg = DebugDLL|Win32
		{CDC53B19-69A6-4F51-985B-D6D634DEA57D}.Release|Win32.ActiveCfg = Release|Win32
		{CDC53B19-69A6-4F51-985B-D6D634DEA57D}.Release|Win32.Build.0 = Release|Win32
		{CDC53B19-69A6-4F51-985B-D6D634DEA57D}.ReleaseDLL|Win32.ActiveCfg = ReleaseDLL|Win32
		{CDC53B19-69A6-4F51-985B-D6D634DEA57D}.ReleaseDLL|Win32.Build.0 = ReleaseDLL|Win32
		{364137B2-0D79-44C9-8FB2-C4B191DB7F2B}.Debug|Win32.ActiveCfg = Debug|Win32
		{364137B2-0D79-44C9-8FB2-C4B191DB7F2B}.Debug|Win32.Build.0 = Debug|Win32
		{364137B2-0D79-44C9-8FB2-C4B191DB7F2B}.DebugDLL|Win32.ActiveCfg = DebugDLL|Win32
		{364137B2-0D79-44C9-8FB2-C4B191DB7F2B}.DebugDLL|Win32.Build.0 = DebugDLL|Win32
		{364137B2-0D79-44C9-8FB2-C4B191DB7F2B}.Release|Win32.ActiveCfg = Release|Win32
		{364137B2-0D79-44C9-8FB2-C4B191DB7F2B}.Release|Win32.Build.0 = Release|Win32
		{364137B2-0D79-44C9-8FB2-C4B191DB7F2B}.ReleaseDLL|Win32.ActiveCfg = ReleaseDLL|Win32
		{364137B2-0D79-44C9-8FB2-C4B191DB7F2B}.ReleaseDLL|Win32.Build.0 = ReleaseDLL|Win32
		{A7695DD7-5EC9-468F-B2E5-C67E963E041B}.Debug|Win32.ActiveCfg = Debug|Win32
		{A7695DD7-5EC9-468F-B2E5-C67E963E041B}.Debug|Win32.Build.0 = Debug|Win32
		{A7695DD7-5EC9-468F-B2E5-C67E963E041B}.DebugDLL|Win32.ActiveCfg = DebugDLL|Win32
		{A7695DD7-5EC9-468F-B2E5-C67E963E041B}.Release|Win32.ActiveCfg = Release|Win32
		{A7695DD7-5EC9-468F-B2E5-C67E963E041B}.Release|Win32.Build.0 = Release|Win32
		{A7695DD7-5EC9-468F-B2E5-C67E963E041B}.ReleaseDLL|Win32.ActiveCfg = ReleaseDLL|Win32
		{A7695DD7-5EC9-468F-B2E5-C67E963E041B}.ReleaseDLL|Win32.Build.0 = ReleaseDLL|Win32
		{3ADAABBA-8EB4-41D7-A5BD-8B23268137C6}.Debug|Win32.ActiveCfg = Debug|Win32
		{3ADAABBA-8EB4-41D7-A5BD-8B23268137C6}.Debug|Win32.Build.0 = Debug|Win32
		{3ADAABBA-8EB4-41D7-A5BD-8B23268137C6}.DebugDLL|Win32.ActiveCfg = DebugDLL|Win32
		{3ADAABBA-8EB4-41D7-A5BD-8B23268137C6}.Release|Win32.ActiveCfg = Release|Win32
		{3ADAABBA-8EB4-41D7-A5BD-8B23268137C6}.Release|Win32.Build.0 = Release|Win32
		{3ADAABBA-8EB4-41D7-A5BD-8B23268137C6}.ReleaseDLL|Win32.ActiveCfg = ReleaseDLL|Win32
		{3ADAABBA-8EB4-41D7-A5BD-8B23268137C6}.ReleaseDLL|Win32.Build.0 = ReleaseDLL|Win32
		{14B127D0-303C-4DFD-A92E-F67E38FE6F1D}.Debug|Win32.ActiveCfg = Debug|Win32
		{14B127D0-303C-4DFD-A92E-F67E38FE6F1D}.Debug|Win32.Build.0 = Debug|Win32
		{14B127D0-303C-4DFD-A92E-F67E38FE6F1D}.DebugDLL|Win32.ActiveCfg = Debug|Win32
		{14B127D0-303C-4DFD-A92E-F67E38FE6F1D}.Release|Win32.ActiveCfg = Release|Win32
		{14B127D0-303C-4DFD-A92E-F67E38FE6F1D}.Release|Win32.Build.0 = Release|Win32
		{14B127D0-303C-4DFD-A92E-F67E38FE6F1D}.ReleaseDLL|Win32.ActiveCfg = Release|Win32
		{14B127D0-303C-4DFD-A92E-F67E38FE6F1D}.ReleaseDLL|Win32.Build.0 = Release|Win32
		{E6BA06CE-6096-40E6-BF9E-2F6FC76AD1C2}.Debug|Win32.ActiveCfg = Debug|Win32
		{E6BA06CE-6096-40E6-BF9E-2F6FC76AD1C2}.Debug|Win32.Build.0 = Debug|Win32
		{E6BA06CE-6096-40E6-BF9E-2F6FC76AD1C2}.DebugDLL|Win32.ActiveCfg = DebugDLL|Win32
		{E6BA06CE-6096-40E6-BF9E-2F6FC76AD1C2}.Release|Win32.ActiveCfg = Release|Win32
		{E6BA06CE-6096-40E6-BF9E-2F6FC76AD1C2}.Release|Win32.Build.0 = Release|Win32
		{E6BA06CE-6096-40E6-BF9E-2F6FC76AD1C2}.ReleaseDLL|Win32.ActiveCfg = ReleaseDLL|Win32
		{E6BA06CE-6096-40E6-BF9E-2F6FC76AD1C2}.ReleaseDLL|Win32.Build.0 = ReleaseDLL|Win32
		{BD5A892C-05EB-4C25-B624-4718178B1D94}.Debug|Win32.ActiveCfg = Debug|Win32
		{BD5A892C-05EB-4C25-B624-4718178B1D94}.Debug|Win32.Build.0 = Debug|Win32
		{BD5A892C-05EB-4C25-B624-4718178B1D94}.DebugDLL|Win32.ActiveCfg = DebugDLL|Win32
		{BD5A892C-05EB-4C25-B624-4718178B1D94}.Release|Win32.ActiveCfg = Release|Win32
		{BD5A892C-05EB-4C25-B624-4718178B1D94}.Release|Win32.Build.0 = Release|Win32
		{BD5A892C-05EB-4C25-B624-4718178B1D94}.ReleaseDLL|Win32.ActiveCfg = ReleaseDLL|Win32
		{BD5A892C-05EB-4C25-B624-4718178B1D94}.ReleaseDLL|Win32.Build.0 = ReleaseDLL|Win32
		{17B58F53-8C2D-423A-B9F2-D548DC51C0E6}.Debug|Win32.ActiveCfg = Debug|Win32
		{17B58F53-8C2D-423A-B9F2-D548DC51C0E6}.Debug|Win32.Build.0 = Debug|Win32
		{17B58F53-8C2D-423A-B9F2-D548DC51C0E6}.DebugDLL|Win32.ActiveCfg = DebugDLL|Win32
		{17B58F53-8C2D-423A-B9F2-D548DC51C0E6}.Release|Win32.ActiveCfg = Release|Win32
		{17B58F53-8C2D-423A-B9F2-D548DC51C0E6}.Release|Win32.Build.0 = Release|Win32
		{17B58F53-8C2D-423A-B9F2-D548DC51C0E6}.ReleaseDLL|Win32.ActiveCfg = ReleaseDLL|Win32
		{17B58F53-8C2D-423A-B9F2-D548DC51C0E6}.ReleaseDLL|Win32.Build.0 = ReleaseDLL|Win32
		{5F97A5F9-9CC1-475E-BF0F-9DDF8846A128}.Debug|Win32.ActiveCfg = Debug|Win32
		{5F97A5F9-9CC1-475E-BF0F-9DDF8846A128}.Debug|Win32.Build.0 = Debug|Win32
		{5F97A5F9-9CC1-475E-BF0F-9DDF8846A128}.DebugDLL|Win32.ActiveCfg = DebugDLL|Win32
		{5F97A5F9-9CC1-475E-BF0F-9DDF8846A128}.Release|Win32.ActiveCfg = Release|Win32
		{5F97A5F9-9CC1-475E-BF0F-9DDF8846A128}.Release|Win32.Build.0 = Release|Win32
		{5F97A5F9-9CC1-475E-BF0F-9DDF8846A128}.ReleaseDLL|Win32.ActiveCfg = ReleaseDLL|Win32
		{5F97A5F9-9CC1-475E-BF0F-9DDF8846A128}.ReleaseDLL|Win32.Build.0 = ReleaseDLL|Win32
		{AD468AD7-5ACB-4AF8-BF70-99F7132A5797}.Debug|Win32.ActiveCfg = Debug|Win32
		{AD468AD7-5ACB-4AF8-BF70-99F7132A5797}.Debug|Win32.Build.0 = Debug|Win32
		{AD468AD7-5ACB-4AF8-BF70-99F7132A5797}.DebugDLL|Win32.ActiveCfg = DebugDLL|Win32
		{AD468AD7-5ACB-4AF8-BF70-99F7132A5797}.Release|Win32.ActiveCfg = Release|Win32
		{AD468AD7-5ACB-4AF8-BF70-99F7132A5797}.Release|Win32.Build.0 = Release|Win32
		{AD468AD7-5ACB-4AF8-BF70-99F7132A5797}.ReleaseDLL|Win32.ActiveCfg = ReleaseDLL|Win32
		{AD468AD7-5ACB-4AF8-BF70-99F7132A5797}.ReleaseDLL|Win32.Build.0 = ReleaseDLL|Win32
		{2BBF3C35-0AAD-46E6-AC84-8E80C93CF78E}.Debug|Win32.ActiveCfg = Debug|Win32
		{2BBF3C35-0AAD-46E6-AC84-8E80C93CF78E}.Debug|Win32.Build.0 = Debug|Win32
		{2BBF3C35-0AAD-46E6-AC84-8E80C93CF78E}.DebugDLL|Win32.ActiveCfg = DebugDLL|Win32
		{2BBF3C35-0AAD-46E6-AC84-8E80C93CF78E}.Release|Win32.ActiveCfg = Release|Win32
		{2BBF3C35-0AAD-46E6-AC84-8E80C93CF78E}.Release|Win32.Build.0 = Release|Win32
		{2BBF3C35-0AAD-46E6-AC84-8E80C93CF78E}.ReleaseDLL|Win32.ActiveCfg = ReleaseDLL|Win32
		{2BBF3C35-0AAD-46E6-AC84-8E80C93CF78E}.ReleaseDLL|Win32.Build.0 = ReleaseDLL|Win32
		{63BA8BB9-2E7C-4F7D-BA16-D6EB8AF3BF73}.Debug|Win32.ActiveCfg = Debug|Win32
		{63BA8BB9-2E7C-4F7D-BA16-D6EB8AF3BF73}.Debug|Win32.Build.0 = Debug|Win32
		{63BA8BB9-2E7C-4F7D-BA16-D6EB8AF3BF73}.DebugDLL|Win32.ActiveCfg = DebugDLL|Win32
		{63BA8BB9-2E7C-4F7D-BA16-D6EB8AF3BF73}.Release|Win32.ActiveCfg = Release|Win32
		{63BA8BB9-2E7C-4F7D-BA16-D6EB8AF3BF73}.Release|Win32.Build.0 = Release|Win32
		{63BA8BB9-2E7C-4F7D-BA16-D6EB8AF3BF73}.ReleaseDLL|Win32.ActiveCfg = ReleaseDLL|Win32
		{63BA8BB9-2E7C-4F7D-BA16-D6EB8AF3BF73}.ReleaseDLL|Win32.Build.0 = ReleaseDLL|Win32
		{ED0EAF1B-866A-4E05-897B-20A9842D33C1}.Debug|Win32.ActiveCfg = Debug|Win32
		{ED0EAF1B-866A-4E05-897B-20A9842D33C1}.Debug|Win32.Build.0 = Debug|Win32
		{ED0EAF1B-866A-4E05-897B-20A9842D33C1}.DebugDLL|Win32.ActiveCfg = DebugDLL|Win32
		{ED0EAF1B-866A-4E05-897B-20A9842D33C1}.DebugDLL|Win32.Build.0 = DebugDLL|Win32
		{ED0EAF1B-866A-4E05-897B-20A9842D33C1}.Release|Win32.ActiveCfg = Release|Win32
		{ED0EAF1B-866A-4E05-897B-20A9842D33C1}.Release|Win32.Build.0 = Release|Win32
		{ED0EAF1B-866A-4E05-897B-20A9842D33C1}.ReleaseDLL|Win32.ActiveCfg = ReleaseDLL|Win32
		{ED0EAF1B-866A-4E05-897B-20A9842D33C1}.ReleaseDLL|Win32.Build.0 = ReleaseDLL|Win32
		{BE253C4F-B3CC-49A0-9D2F-7483991271ED}.Debug|Win32.ActiveCfg = Debug|Win32
		{BE253C4F-B3CC-49A0-9D2F-7483991271ED}.Debug|Win32.Build.0 = Debug|Win32
		{BE253C4F-B3CC-49A0-9D2F-7483991271ED}.DebugDLL|Win32.ActiveCfg = DebugDLL|Win32
		{BE253C4F-B3CC-49A0-9D2F-7483991271ED}.Release|Win32.ActiveCfg = Release|Win32
		{BE253C4F-B3CC-49A0-9D2F-7483991271ED}.Release|Win32.Build.0 = Release|Win32
		{BE253C4F-B3CC-49A0-9D2F-7483991271ED}.ReleaseDLL|Win32.ActiveCfg = ReleaseDLL|Win32
		{BE253C4F-B3CC-49A0-9D2F-7483991271ED}.ReleaseDLL|Win32.Build.0 = ReleaseDLL|Win32
		{56A97A1D-D860-46B2-9DCE-D9F3358CAB2C}.Debug|Win32.ActiveCfg = Debug|Win32
		{56A97A1D-D860-46B2-9DCE-D9F3358CAB2C}.Debug|Win32.Build.0 = Debug|Win32
		{56A97A1D-D860-46B2-9DCE-D9F3358CAB2C}.DebugDLL|Win32.ActiveCfg = DebugDLL|Win32
		{56A97A1D-D860-46B2-9DCE-D9F3358CAB2C}.Release|Win32.ActiveCfg = Release|Win32
		{56A97A1D-D860-46B2-9DCE-D9F3358CAB2C}.Release|Win32.Build.0 = Release|Win32
		{56A97A1D-D860-46B2-9DCE-D9F3358CAB2C}.ReleaseDLL|Win32.ActiveCfg = ReleaseDLL|Win32
		{56A97A1D-D860-46B2-9DCE-D9F3358CAB2C}.ReleaseDLL|Win32.Build.0 = ReleaseDLL|Win32
		{6E4231CA-D4F5-455C-BFAC-AAFA17AE9164}.Debug|Win32.ActiveCfg = Debug|Win32
		{6E4231CA-D4F5-455C-BFAC-AAFA17AE9164}.Debug|Win32.Build.0 = Debug|Win32
		{6E4231CA-D4F5-455C-BFAC-AAFA17AE9164}.DebugDLL|Win32.ActiveCfg = Debug|Win32
		{6E4231CA-D4F5-455C-BFAC-AAFA17AE9164}.Release|Win32.ActiveCfg = Release|Win32
		{6E4231CA-D4F5-455C-BFAC-AAFA17AE9164}.Release|Win32.Build.0 = Release|Win32
		{6E4231CA-D4F5-455C-BFAC-AAFA17AE9164}.ReleaseDLL|Win32.ActiveCfg = Release|Win32
		{6E4231CA-D4F5-455C-BFAC-AAFA17AE9164}.ReleaseDLL|Win32.Build.0 = Release|Win32
		{A6724DE4-88F7-4257-A48F-AE5CC1C3CCB2}.Debug|Win32.ActiveCfg = Debug|Win32
		{A6724DE4-88F7-4257-A48F-AE5CC1C3CCB2}.Debug|Win32.Build.0 = Debug|Win32
		{A6724DE4-88F7-4257-A48F-AE5CC1C3CCB2}.DebugDLL|Win32.ActiveCfg = DebugDLL|Win32
		{A6724DE4-88F7-4257-A48F-AE5CC1C3CCB2}.Release|Win32.ActiveCfg = Release|Win32
		{A6724DE4-88F7-4257-A48F-AE5CC1C3CCB2}.Release|Win32.Build.0 = Release|Win32
		{A6724DE4-88F7-4257-A48F-AE5CC1C3CCB2}.ReleaseDLL|Win32.ActiveCfg = ReleaseDLL|Win32
		{A6724DE4-88F7-4257-A48F-AE5CC1C3CCB2}.ReleaseDLL|Win32.Build.0 = ReleaseDLL|Win32
		{1CF12AC4-4AA7-49C3-A2FC-EAFAE502BCF8}.Debug|Win32.ActiveCfg = Debug|Win32
		{1CF12AC4-4AA7-49C3-A2FC-EAFAE502BCF8}.Debug|Win32.Build.0 = Debug|Win32
		{1CF12AC4-4AA7-49C3-A2FC-EAFAE502BCF8}.DebugDLL|Win32.ActiveCfg = DebugDLL|Win32
		{1CF12AC4-4AA7-49C3-A2FC-EAFAE502BCF8}.DebugDLL|Win32.Build.0 = DebugDLL|Win32
		{1CF12AC4-4AA7-49C3-A2FC-EAFAE502BCF8}.Release|Win32.ActiveCfg = Release|Win32
		{1CF12AC4-4AA7-49C3-A2FC-EAFAE502BCF8}.Release|Win32.Build.0 = Release|Win32
		{1CF12AC4-4AA7-49C3-A2FC-EAFAE502BCF8}.ReleaseDLL|Win32.ActiveCfg = ReleaseDLL|Win32
		{1CF12AC4-4AA7-49C3-A2FC-EAFAE502BCF8}.ReleaseDLL|Win32.Build.0 = ReleaseDLL|Win32
		{8F2FDEF0-B9D8-4E55-938C-D72E9E3D14D6}.Debug|Win32.ActiveCfg = Debug|Win32
		{8F2FDEF0-B9D8-4E55-938C-D72E9E3D14D6}.Debug|Win32.Build.0 = Debug|Win32
		{8F2FDEF0-B9D8-4E55-938C-D72E9E3D14D6}.DebugDLL|Win32.ActiveCfg = DebugDLL|Win32
		{8F2FDEF0-B9D8-4E55-938C-D72E9E3D14D6}.Release|Win32.ActiveCfg = Release|Win32
		{8F2FDEF0-B9D8-4E55-938C-D72E9E3D14D6}.Release|Win32.Build.0 = Release|Win32
		{8F2FDEF0-B9D8-4E55-938C-D72E9E3D14D6}.ReleaseDLL|Win32.ActiveCfg = ReleaseDLL|Win32
		{8F2FDEF0-B9D8-4E55-938C-D72E9E3D14D6}.ReleaseDLL|Win32.Build.0 = ReleaseDLL|Win32
		{C7A2FCC2-B71C-4803-B5F7-3ECFE91A3F65}.Debug|Win32.ActiveCfg = Debug|Win32
		{C7A2FCC2-B71C-4803-B5F7-3ECFE91A3F65}.Debug|Win32.Build.0 = Debug|Win32
		{C7A2FCC2-B71C-4803-B5F7-3ECFE91A3F65}.DebugDLL|Win32.ActiveCfg = DebugDLL|Win32
		{C7A2FCC2-B71C-4803-B5F7-3ECFE91A3F65}.Release|Win32.ActiveCfg = Release|Win32
		{C7A2FCC2-B71C-4803-B5F7-3ECFE91A3F65}.Release|Win32.Build.0 = Release|Win32
		{C7A2FCC2-B71C-4803-B5F7-3ECFE91A3F65}.ReleaseDLL|Win32.ActiveCfg = ReleaseDLL|Win32
		{C7A2FCC2-B71C-4803-B5F7-3ECFE91A3F65}.ReleaseDLL|Win32.Build.0 = ReleaseDLL|Win32
		{F1AE7A60-2703-42C4-8505-289D582D79E4}.Debug|Win32.ActiveCfg = Debug|Win32
		{F1AE7A60-2703-42C4-8505-289D582D79E4}.Debug|Win32.Build.0 = Debug|Win32
		{F1AE7A60-2703-42C4-8505-289D582D79E4}.DebugDLL|Win32.ActiveCfg = DebugDLL|Win32
		{F1AE7A60-2703-42C4-8505-289D582D79E4}.Release|Win32.ActiveCfg = Release|Win32
		{F1AE7A60-2703-42C4-8505-289D582D79E4}.Release|Win32.Build.0 = Release|Win32
		{F1AE7A60-2703-42C4-8505-289D582D79E4}.ReleaseDLL|Win32.ActiveCfg = ReleaseDLL|Win32
		{F1AE7A60-2703-42C4-8505-289D582D79E4}.ReleaseDLL|Win32.Build.0 = ReleaseDLL|Win32
		{1908762E-C32C-485C-9A35-6D3C529CCC2C}.Debug|Win32.ActiveCfg = Debug|Win32
		{1908762E-C32C-485C-9A35-6D3C529CCC2C}.Debug|Win32.Build.0 = Debug|Win32
		{1908762E-C32C-485C-9A35-6D3C529CCC2C}.DebugDLL|Win32.ActiveCfg = DebugDLL|Win32
		{1908762E-C32C-485C-9A35-6D3C529CCC2C}.DebugDLL|Win32.Build.0 = DebugDLL|Win32
		{1908762E-C32C-485C-9A35-6D3C529CCC2C}.Release|Win32.ActiveCfg = Release|Win32
		{1908762E-C32C-485C-9A35-6D3C529CCC2C}.Release|Win32.Build.0 = Release|Win32
		{1908762E-C32C-485C-9A35-6D3C529CCC2C}.ReleaseDLL|Win32.ActiveCfg = ReleaseDLL|Win32
		{1908762E-C32C-485C-9A35-6D3C529CCC2C}.ReleaseDLL|Win32.Build.0 = ReleaseDLL|Win32
		{5E8DDAFB-5F65-450C-9383-E0C3AA259394}.Debug|Win32.ActiveCfg = Debug|Win32
		{5E8DDAFB-5F65-450C-9383-E0C3AA259394}.Debug|Win32.Build.0 = Debug|Win32
		{5E8DDAFB-5F65-450C-9383-E0C3AA259394}.DebugDLL|Win32.ActiveCfg = DebugDLL|Win32
		{5E8DDAFB-5F65-450C-9383-E0C3AA259394}.DebugDLL|Win32.Build.0 = DebugDLL|Win32
		{5E8DDAFB-5F65-450C-9383-E0C3AA259394}.Release|Win32.ActiveCfg = Release|Win32
		{5E8DDAFB-5F65-450C-9383-E0C3AA259394}.Release|Win32.Build.0 = Release|Win32
		{5E8DDAFB-5F65-450C-9383-E0C3AA259394}.ReleaseDLL|Win32.ActiveCfg = ReleaseDLL|Win32
		{5E8DDAFB-5F65-450C-9383-E0C3AA259394}.ReleaseDLL|Win32.Build.0 = ReleaseDLL|Win32
		{8AF75A60-26A6-453C-9624-5C4CEE6D3BCD}.Debug|Win32.ActiveCfg = Debug|Win32
		{8AF75A60-26A6-453C-9624-5C4CEE6D3BCD}.Debug|Win32.Build.0 = Debug|Win32
		{8AF75A60-26A6-453C-9624-5C4CEE6D3BCD}.DebugDLL|Win32.ActiveCfg = DebugDLL|Win32
		{8AF75A60-26A6-453C-9624-5C4CEE6D3BCD}.DebugDLL|Win32.Build.0 = DebugDLL|Win32
		{8AF75A60-26A6-453C-9624-5C4CEE6D3BCD}.Release|Win32.ActiveCfg = Release|Win32
		{8AF75A60-26A6-453C-9624-5C4CEE6D3BCD}.Release|Win32.Build.0 = Release|Win32
		{8AF75A60-26A6-453C-9624-5C4CEE6D3BCD}.ReleaseDLL|Win32.ActiveCfg = ReleaseDLL|Win32
		{8AF75A60-26A6-453C-9624-5C4CEE6D3BCD}.ReleaseDLL|Win32.Build.0 = ReleaseDLL|Win32
		{BBFAE579-5E8F-4CE4-B29E-5E8726507BFB}.Debug|Win32.ActiveCfg = Debug|Win32
		{BBFAE579-5E8F-4CE4-B29E-5E8726507BFB}.Debug|Win32.Build.0 = Debug|Win32
		{BBFAE579-5E8F-4CE4-B29E-5E8726507BFB}.DebugDLL|Win32.ActiveCfg = DebugDLL|Win32
		{BBFAE579-5E8F-4CE4-B29E-5E8726507BFB}.DebugDLL|Win32.Build.0 = DebugDLL|Win32
		{BBFAE579-5E8F-4CE4-B29E-5E8726507BFB}.Release|Win32.ActiveCfg = Release|Win32
		{BBFAE579-5E8F-4CE4-B29E-5E8726507BFB}.Release|Win32.Build.0 = Release|Win32
		{BBFAE579-5E8F-4CE4-B29E-5E8726507BFB}.ReleaseDLL|Win32.ActiveCfg = ReleaseDLL|Win32
		{BBFAE579-5E8F-4CE4-B29E-5E8726507BFB}.ReleaseDLL|Win32.Build.0 = ReleaseDLL|Win32
		{209DFC59-0505-4F13-B86C-89D175BF4E30}.Debug|Win32.ActiveCfg = Debug|Win32
		{209DFC59-0505-4F13-B86C-89D175BF4E30}.Debug|Win32.Build.0 = Debug|Win32
		{209DFC59-0505-4F13-B86C-89D175BF4E30}.DebugDLL|Win32.ActiveCfg = DebugDLL|Win32
		{209DFC59-0505-4F13-B86C-89D175BF4E30}.DebugDLL|Win32.Build.0 = DebugDLL|Win32
		{209DFC59-0505-4F13-B86C-89D175BF4E30}.Release|Win32.ActiveCfg = Release|Win32
		{209DFC59-0505-4F13-B86C-89D175BF4E30}.Release|Win32.Build.0 = Release|Win32
		{209DFC59-0505-4F13-B86C-89D175BF4E30}.ReleaseDLL|Win32.ActiveCfg = ReleaseDLL|Win32
		{209DFC59-0505-4F13-B86C-89D175BF4E30}.ReleaseDLL|Win32.Build.0 = ReleaseDLL|Win32
		{C70171FC-DFBF-4F87-A86D-73DF55342695}.Debug|Win32.ActiveCfg = Debug|Win32
		{C70171FC-DFBF-4F87-A86D-73DF55342695}.Debug|Win32.Build.0 = Debug|Win32
		{C70171FC-DFBF-4F87-A86D-73DF55342695}.DebugDLL|Win32.ActiveCfg = DebugDLL|Win32
		{C70171FC-DFBF-4F87-A86D-73DF55342695}.DebugDLL|Win32.Build.0 = DebugDLL|Win32
		{C70171FC-DFBF-4F87-A86D-73DF55342695}.Release|Win32.ActiveCfg = Release|Win32
		{C70171FC-DFBF-4F87-A86D-73DF55342695}.Release|Win32.Build.0 = Release|Win32
		{C70171FC-DFBF-4F87-A86D-73DF55342695}.ReleaseDLL|Win32.ActiveCfg = ReleaseDLL|Win32
		{C70171FC-DFBF-4F87-A86D-73DF55342695}.ReleaseDLL|Win32.Build.0 = ReleaseDLL|Win32
		{306CB035-8743-41ED-9994-5D080731176F}.Debug|Win32.ActiveCfg = Debug|Win32
		{306CB035-8743-41ED-9994-5D080731176F}.Debug|Win32.Build.0 = Debug|Win32
		{306CB035-8743-41ED-9994-5D080731176F}.DebugDLL|Win32.ActiveCfg = DebugDLL|Win32
		{306CB035-8743-41ED-9994-5D080731176F}.Release|Win32.ActiveCfg = Release|Win32
		{306CB035-8743-41ED-9994-5D080731176F}.Release|Win32.Build.0 = Release|Win32
		{306CB035-8743-41ED-9994-5D080731176F}.ReleaseDLL|Win32.ActiveCfg = ReleaseDLL|Win32
		{306CB035-8743-41ED-9994-5D080731176F}.ReleaseDLL|Win32.Build.0 = ReleaseDLL|Win32
		{750E1B7D-6425-48FA-B728-8DEF9FF04142}.Debug|Win32.ActiveCfg = Debug|Win32
		{750E1B7D-6425-48FA-B728-8DEF9FF04142}.Debug|Win32.Build.0 = Debug|Win32
		{750E1B7D-6425-48FA-B728-8DEF9FF04142}.DebugDLL|Win32.ActiveCfg = DebugDLL|Win32
		{750E1B7D-6425-48FA-B728-8DEF9FF04142}.Release|Win32.ActiveCfg = Release|Win32
		{750E1B7D-6425-48FA-B728-8DEF9FF04142}.Release|Win32.Build.0 = Release|Win32
		{750E1B7D-6425-48FA-B728-8DEF9FF04142}.ReleaseDLL|Win32.ActiveCfg = ReleaseDLL|Win32
		{750E1B7D-6425-48FA-B728-8DEF9FF04142}.ReleaseDLL|Win32.Build.0 = ReleaseDLL|Win32
		{B2B1CD4B-243C-4B51-9E96-56605F8E7235}.Debug|Win32.ActiveCfg = Debug|Win32
		{B2B1CD4B-243C-4B51-9E96-56605F8E7235}.Debug|Win32.Build.0 = Debug|Win32
		{B2B1CD4B-243C-4B51-9E96-56605F8E7235}.DebugDLL|Win32.ActiveCfg = DebugDLL|Win32
		{B2B1CD4B-243C-4B51-9E96-56605F8E7235}.DebugDLL|Win32.Build.0 = DebugDLL|Win32
		{B2B1CD4B-243C-4B51-9E96-56605F8E7235}.Release|Win32.ActiveCfg = Release|Win32
		{B2B1CD4B-243C-4B51-9E96-56605F8E7235}.Release|Win32.Build.0 = Release|Win32
		{B2B1CD4B-243C-4B51-9E96-56605F8E7235}.ReleaseDLL|Win32.ActiveCfg = ReleaseDLL|Win32
		{B2B1CD4B-243C-4B51-9E96-56605F8E7235}.ReleaseDLL|Win32.Build.0 = ReleaseDLL|Win32
		{F1F6BD60-43B5-43B9-8EB9-A5D8BF784868}.Debug|Win32.ActiveCfg = Debug|Win32
		{F1F6BD60-43B5-43B9-8EB9-A5D8BF784868}.Debug|Win32.Build.0 = Debug|Win32
		{F1F6BD60-43B5-43B9-8EB9-A5D8BF784868}.DebugDLL|Win32.ActiveCfg = DebugDLL|Win32
		{F1F6BD60-43B5-43B9-8EB9-A5D8BF784868}.DebugDLL|Win32.Build.0 = DebugDLL|Win32
		{F1F6BD60-43B5-43B9-8EB9-A5D8BF784868}.Release|Win32.ActiveCfg = Release|Win32
		{F1F6BD60-43B5-43B9-8EB9-A5D8BF784868}.Release|Win32.Build.0 = Release|Win32
		{F1F6BD60-43B5-43B9-8EB9-A5D8BF784868}.ReleaseDLL|Win32.ActiveCfg = ReleaseDLL|Win32
		{F1F6BD60-43B5-43B9-8EB9-A5D8BF784868}.ReleaseDLL|Win32.Build.0 = ReleaseDLL|Win32
		{50266E8A-495F-40DD-8001-3ECF6E3BE8D8}.Debug|Win32.ActiveCfg = Debug|Win32
		{50266E8A-495F-40DD-8001-3ECF6E3BE8D8}.Debug|Win32.Build.0 = Debug|Win32
		{50266E8A-495F-40DD-8001-3ECF6E3BE8D8}.DebugDLL|Win32.ActiveCfg = DebugDLL|Win32
		{50266E8A-495F-40DD-8001-3ECF6E3BE8D8}.DebugDLL|Win32.Build.0 = DebugDLL|Win32
		{50266E8A-495F-40DD-8001-3ECF6E3BE8D8}.Release|Win32.ActiveCfg = Release|Win32
		{50266E8A-495F-40DD-8001-3ECF6E3BE8D8}.Release|Win32.Build.0 = Release|Win32
		{50266E8A-495F-40DD-8001-3ECF6E3BE8D8}.ReleaseDLL|Win32.ActiveCfg = ReleaseDLL|Win32
		{50266E8A-495F-40DD-8001-3ECF6E3BE8D8}.ReleaseDLL|Win32.Build.0 = ReleaseDLL|Win32
		{71102345-7A42-4206-803E-AA895490B527}.Debug|Win32.ActiveCfg = Debug|Win32
		{71102345-7A42-4206-803E-AA895490B527}.Debug|Win32.Build.0 = Debug|Win32
		{71102345-7A42-4206-803E-AA895490B527}.DebugDLL|Win32.ActiveCfg = DebugDLL|Win32
		{71102345-7A42-4206-803E-AA895490B527}.DebugDLL|Win32.Build.0 = DebugDLL|Win32
		{71102345-7A42-4206-803E-AA895490B527}.Release|Win32.ActiveCfg = Release|Win32
		{71102345-7A42-4206-803E-AA895490B527}.Release|Win32.Build.0 = Release|Win32
		{71102345-7A42-4206-803E-AA895490B527}.ReleaseDLL|Win32.ActiveCfg = ReleaseDLL|Win32
		{71102345-7A42-4206-803E-AA895490B527}.ReleaseDLL|Win32.Build.0 = ReleaseDLL|Win32
		{83F2CA64-F8F5-4E14-8AD3-A03189F3F002}.Debug|Win32.ActiveCfg = Debug|Win32
		{83F2CA64-F8F5-4E14-8AD3-A03189F3F002}.Debug|Win32.Build.0 = Debug|Win32
		{83F2CA64-F8F5-4E14-8AD3-A03189F3F002}.DebugDLL|Win32.ActiveCfg = DebugDLL|Win32
		{83F2CA64-F8F5-4E14-8AD3-A03189F3F002}.DebugDLL|Win32.Build.0 = DebugDLL|Win32
		{83F2CA64-F8F5-4E14-8AD3-A03189F3F002}.Release|Win32.ActiveCfg = Release|Win32
		{83F2CA64-F8F5-4E14-8AD3-A03189F3F002}.Release|Win32.Build.0 = Release|Win32
		{83F2CA64-F8F5-4E14-8AD3-A03189F3F002}.ReleaseDLL|Win32.ActiveCfg = ReleaseDLL|Win32
		{83F2CA64-F8F5-4E14-8AD3-A03189F3F002}.ReleaseDLL|Win32.Build.0 = ReleaseDLL|Win32
	EndGlobalSection
	GlobalSection(SolutionProperties) = preSolution
		HideSolutionNode = FALSE
	EndGlobalSection
	GlobalSection(NestedProjects) = preSolution
		{1E65455C-1986-402E-B088-7151DF06E27B} = {9AD5EB43-AA77-4703-A9D9-39949923F219}
		{8B2595B9-0735-4DC7-A55B-CEAD2AD12676} = {9AD5EB43-AA77-4703-A9D9-39949923F219}
		{14B1F45A-422E-494E-83D6-AB41FA5A4D80} = {9AD5EB43-AA77-4703-A9D9-39949923F219}
		{8983E93D-D7D7-4ED8-9407-E89EA018EF09} = {9AD5EB43-AA77-4703-A9D9-39949923F219}
		{7A0A7E7B-02A6-4937-8781-F900ECDAAB1C} = {9AD5EB43-AA77-4703-A9D9-39949923F219}
		{F2DB6E21-68E1-4F49-BD22-03A3408EE92F} = {9AD5EB43-AA77-4703-A9D9-39949923F219}
		{6041840E-887B-419C-B363-0B0F7149FD15} = {9AD5EB43-AA77-4703-A9D9-39949923F219}
		{89B9F912-AB3F-4B62-A906-3138690981D6} = {9AD5EB43-AA77-4703-A9D9-39949923F219}
		{BF780941-3D46-4157-AFCA-42090C6DCF77} = {9AD5EB43-AA77-4703-A9D9-39949923F219}
		{8140C8EF-0F5F-409D-A796-C25B07D5BB2C} = {9AD5EB43-AA77-4703-A9D9-39949923F219}
		{1A0FEF73-D23F-449D-8846-420FEC8DBAAE} = {9AD5EB43-AA77-4703-A9D9-39949923F219}
		{6D88C64A-F3A8-4D38-A4AF-86CA5EF75778} = {9AD5EB43-AA77-4703-A9D9-39949923F219}
		{94878189-88CD-4546-B5C4-B29A3BB47274} = {9AD5EB43-AA77-4703-A9D9-39949923F219}
		{644D8BD7-9FAE-481E-8E48-528067FE37FF} = {9AD5EB43-AA77-4703-A9D9-39949923F219}
		{CDC53B19-69A6-4F51-985B-D6D634DEA57D} = {9AD5EB43-AA77-4703-A9D9-39949923F219}
		{364137B2-0D79-44C9-8FB2-C4B191DB7F2B} = {9AD5EB43-AA77-4703-A9D9-39949923F219}
		{3ADAABBA-8EB4-41D7-A5BD-8B23268137C6} = {9AD5EB43-AA77-4703-A9D9-39949923F219}
		{BD5A892C-05EB-4C25-B624-4718178B1D94} = {9AD5EB43-AA77-4703-A9D9-39949923F219}
		{17B58F53-8C2D-423A-B9F2-D548DC51C0E6} = {9AD5EB43-AA77-4703-A9D9-39949923F219}
		{BE253C4F-B3CC-49A0-9D2F-7483991271ED} = {9AD5EB43-AA77-4703-A9D9-39949923F219}
		{56A97A1D-D860-46B2-9DCE-D9F3358CAB2C} = {9AD5EB43-AA77-4703-A9D9-39949923F219}
		{A6724DE4-88F7-4257-A48F-AE5CC1C3CCB2} = {9AD5EB43-AA77-4703-A9D9-39949923F219}
		{C7A2FCC2-B71C-4803-B5F7-3ECFE91A3F65} = {9AD5EB43-AA77-4703-A9D9-39949923F219}
		{D9EC1AC5-138E-4195-9B5C-2B53A0C80913} = {9AD5EB43-AA77-4703-A9D9-39949923F219}
		{F1F6BD60-43B5-43B9-8EB9-A5D8BF784868} = {9AD5EB43-AA77-4703-A9D9-39949923F219}
		{50266E8A-495F-40DD-8001-3ECF6E3BE8D8} = {9AD5EB43-AA77-4703-A9D9-39949923F219}
		{71102345-7A42-4206-803E-AA895490B527} = {9AD5EB43-AA77-4703-A9D9-39949923F219}
		{8A296844-5DCC-4F4F-B772-CBC9640D4E11} = {56D24B9B-E0EE-4923-A274-2C5BFDEF0D79}
		{66A238A0-576C-400F-B864-4651CF9E63D0} = {56D24B9B-E0EE-4923-A274-2C5BFDEF0D79}
		{A7695DD7-5EC9-468F-B2E5-C67E963E041B} = {56D24B9B-E0EE-4923-A274-2C5BFDEF0D79}
		{14B127D0-303C-4DFD-A92E-F67E38FE6F1D} = {56D24B9B-E0EE-4923-A274-2C5BFDEF0D79}
		{E6BA06CE-6096-40E6-BF9E-2F6FC76AD1C2} = {56D24B9B-E0EE-4923-A274-2C5BFDEF0D79}
		{5F97A5F9-9CC1-475E-BF0F-9DDF8846A128} = {56D24B9B-E0EE-4923-A274-2C5BFDEF0D79}
		{AD468AD7-5ACB-4AF8-BF70-99F7132A5797} = {56D24B9B-E0EE-4923-A274-2C5BFDEF0D79}
		{2BBF3C35-0AAD-46E6-AC84-8E80C93CF78E} = {56D24B9B-E0EE-4923-A274-2C5BFDEF0D79}
		{63BA8BB9-2E7C-4F7D-BA16-D6EB8AF3BF73} = {56D24B9B-E0EE-4923-A274-2C5BFDEF0D79}
		{ED0EAF1B-866A-4E05-897B-20A9842D33C1} = {56D24B9B-E0EE-4923-A274-2C5BFDEF0D79}
		{6E4231CA-D4F5-455C-BFAC-AAFA17AE9164} = {56D24B9B-E0EE-4923-A274-2C5BFDEF0D79}
		{8F2FDEF0-B9D8-4E55-938C-D72E9E3D14D6} = {56D24B9B-E0EE-4923-A274-2C5BFDEF0D79}
		{F1AE7A60-2703-42C4-8505-289D582D79E4} = {56D24B9B-E0EE-4923-A274-2C5BFDEF0D79}
		{0A8A5CA0-C11D-4141-B71C-A71E326AC938} = {56D24B9B-E0EE-4923-A274-2C5BFDEF0D79}
		{306CB035-8743-41ED-9994-5D080731176F} = {56D24B9B-E0EE-4923-A274-2C5BFDEF0D79}
		{750E1B7D-6425-48FA-B728-8DEF9FF04142} = {56D24B9B-E0EE-4923-A274-2C5BFDEF0D79}
		{B2B1CD4B-243C-4B51-9E96-56605F8E7235} = {56D24B9B-E0EE-4923-A274-2C5BFDEF0D79}
		{83F2CA64-F8F5-4E14-8AD3-A03189F3F002} = {56D24B9B-E0EE-4923-A274-2C5BFDEF0D79}
		{1908762E-C32C-485C-9A35-6D3C529CCC2C} = {08896352-05BE-49A6-8418-CF5F32534C11}
		{5E8DDAFB-5F65-450C-9383-E0C3AA259394} = {08896352-05BE-49A6-8418-CF5F32534C11}
		{8AF75A60-26A6-453C-9624-5C4CEE6D3BCD} = {08896352-05BE-49A6-8418-CF5F32534C11}
		{BBFAE579-5E8F-4CE4-B29E-5E8726507BFB} = {08896352-05BE-49A6-8418-CF5F32534C11}
		{209DFC59-0505-4F13-B86C-89D175BF4E30} = {08896352-05BE-49A6-8418-CF5F32534C11}
		{C70171FC-DFBF-4F87-A86D-73DF55342695} = {08896352-05BE-49A6-8418-CF5F32534C11}
		{1CF12AC4-4AA7-49C3-A2FC-EAFAE502BCF8} = {08896352-05BE-49A6-8418-CF5F32534C11}
	EndGlobalSection
	GlobalSection(DPCodeReviewSolutionGUID) = preSolution
		DPCodeReviewSolutionGUID = {00000000-0000-0000-0000-000000000000}
	EndGlobalSection
EndGlobal
